
Microsoft Visual Studio Solution File, Format Version 12.00
# Visual Studio Version 16
VisualStudioVersion = 16.0.30804.86
MinimumVisualStudioVersion = 10.0.40219.1
Project("{FAE04EC0-301F-11D3-BF4B-00C04F79EFBC}") = "01. Lootbox", "AdvancedExam-22Feb2020\01. Lootbox.csproj", "{E6578F8C-C4FD-4972-A6D5-8B7DB4E172F1}"
EndProject
Project("{FAE04EC0-301F-11D3-BF4B-00C04F79EFBC}") = "02Revolt", "02Revolt\02Revolt.csproj", "{247C9BEB-5462-434A-80F3-5E7C29E9910F}"
EndProject
Project("{FAE04EC0-301F-11D3-BF4B-00C04F79EFBC}") = "02RevoltSecondTry", "02RevoltSecondTry\02RevoltSecondTry.csproj", "{C9BBD69A-89FE-4F2B-89D6-8524A515C756}"
EndProject
Global
	GlobalSection(SolutionConfigurationPlatforms) = preSolution
		Debug|Any CPU = Debug|Any CPU
		Release|Any CPU = Release|Any CPU
	EndGlobalSection
	GlobalSection(ProjectConfigurationPlatforms) = postSolution
		{E6578F8C-C4FD-4972-A6D5-8B7DB4E172F1}.Debug|Any CPU.ActiveCfg = Debug|Any CPU
		{E6578F8C-C4FD-4972-A6D5-8B7DB4E172F1}.Debug|Any CPU.Build.0 = Debug|Any CPU
		{E6578F8C-C4FD-4972-A6D5-8B7DB4E172F1}.Release|Any CPU.ActiveCfg = Release|Any CPU
		{E6578F8C-C4FD-4972-A6D5-8B7DB4E172F1}.Release|Any CPU.Build.0 = Release|Any CPU
		{247C9BEB-5462-434A-80F3-5E7C29E9910F}.Debug|Any CPU.ActiveCfg = Debug|Any CPU
		{247C9BEB-5462-434A-80F3-5E7C29E9910F}.Debug|Any CPU.Build.0 = Debug|Any CPU
		{247C9BEB-5462-434A-80F3-5E7C29E9910F}.Release|Any CPU.ActiveCfg = Release|Any CPU
		{247C9BEB-5462-434A-80F3-5E7C29E9910F}.Release|Any CPU.Build.0 = Release|Any CPU
		{C9BBD69A-89FE-4F2B-89D6-8524A515C756}.Debug|Any CPU.ActiveCfg = Debug|Any CPU
		{C9BBD69A-89FE-4F2B-89D6-8524A515C756}.Debug|Any CPU.Build.0 = Debug|Any CPU
		{C9BBD69A-89FE-4F2B-89D6-8524A515C756}.Release|Any CPU.ActiveCfg = Release|Any CPU
		{C9BBD69A-89FE-4F2B-89D6-8524A515C756}.Release|Any CPU.Build.0 = Release|Any CPU
	EndGlobalSection
	GlobalSection(SolutionProperties) = preSolution
		HideSolutionNode = FALSE
	EndGlobalSection
	GlobalSection(ExtensibilityGlobals) = postSolution
		SolutionGuid = {B5575647-E4DD-4DDE-82B2-2FDFAABC965E}
	EndGlobalSection
EndGlobal
