
Microsoft Visual Studio Solution File, Format Version 12.00
# Visual Studio Version 16
VisualStudioVersion = 16.0.30804.86
MinimumVisualStudioVersion = 10.0.40219.1
Project("{FAE04EC0-301F-11D3-BF4B-00C04F79EFBC}") = "Exam", "Exam\Exam.csproj", "{44C5AA38-5921-4E72-A915-B290E4C691E2}"
EndProject
Project("{FAE04EC0-301F-11D3-BF4B-00C04F79EFBC}") = "02Second", "02Second\02Second.csproj", "{E35A72E3-34BF-43E1-A39A-F40CC0118701}"
EndProject
Project("{FAE04EC0-301F-11D3-BF4B-00C04F79EFBC}") = "03", "03\03.csproj", "{DFC2F376-5DFC-41BF-9698-D88D6CBAC72E}"
EndProject
Project("{FAE04EC0-301F-11D3-BF4B-00C04F79EFBC}") = "01try", "01try\01try.csproj", "{94B1CDFC-9F28-4D70-8DCE-4824B2E4DC0F}"
EndProject
Global
	GlobalSection(SolutionConfigurationPlatforms) = preSolution
		Debug|Any CPU = Debug|Any CPU
		Release|Any CPU = Release|Any CPU
	EndGlobalSection
	GlobalSection(ProjectConfigurationPlatforms) = postSolution
		{44C5AA38-5921-4E72-A915-B290E4C691E2}.Debug|Any CPU.ActiveCfg = Debug|Any CPU
		{44C5AA38-5921-4E72-A915-B290E4C691E2}.Debug|Any CPU.Build.0 = Debug|Any CPU
		{44C5AA38-5921-4E72-A915-B290E4C691E2}.Release|Any CPU.ActiveCfg = Release|Any CPU
		{44C5AA38-5921-4E72-A915-B290E4C691E2}.Release|Any CPU.Build.0 = Release|Any CPU
		{E35A72E3-34BF-43E1-A39A-F40CC0118701}.Debug|Any CPU.ActiveCfg = Debug|Any CPU
		{E35A72E3-34BF-43E1-A39A-F40CC0118701}.Debug|Any CPU.Build.0 = Debug|Any CPU
		{E35A72E3-34BF-43E1-A39A-F40CC0118701}.Release|Any CPU.ActiveCfg = Release|Any CPU
		{E35A72E3-34BF-43E1-A39A-F40CC0118701}.Release|Any CPU.Build.0 = Release|Any CPU
		{DFC2F376-5DFC-41BF-9698-D88D6CBAC72E}.Debug|Any CPU.ActiveCfg = Debug|Any CPU
		{DFC2F376-5DFC-41BF-9698-D88D6CBAC72E}.Debug|Any CPU.Build.0 = Debug|Any CPU
		{DFC2F376-5DFC-41BF-9698-D88D6CBAC72E}.Release|Any CPU.ActiveCfg = Release|Any CPU
		{DFC2F376-5DFC-41BF-9698-D88D6CBAC72E}.Release|Any CPU.Build.0 = Release|Any CPU
		{94B1CDFC-9F28-4D70-8DCE-4824B2E4DC0F}.Debug|Any CPU.ActiveCfg = Debug|Any CPU
		{94B1CDFC-9F28-4D70-8DCE-4824B2E4DC0F}.Debug|Any CPU.Build.0 = Debug|Any CPU
		{94B1CDFC-9F28-4D70-8DCE-4824B2E4DC0F}.Release|Any CPU.ActiveCfg = Release|Any CPU
		{94B1CDFC-9F28-4D70-8DCE-4824B2E4DC0F}.Release|Any CPU.Build.0 = Release|Any CPU
	EndGlobalSection
	GlobalSection(SolutionProperties) = preSolution
		HideSolutionNode = FALSE
	EndGlobalSection
	GlobalSection(ExtensibilityGlobals) = postSolution
		SolutionGuid = {9C004D07-00A7-43F5-A955-27BD796E4E6F}
	EndGlobalSection
EndGlobal
