
Microsoft Visual Studio Solution File, Format Version 12.00
# Visual Studio Version 16
VisualStudioVersion = 16.0.30804.86
MinimumVisualStudioVersion = 10.0.40219.1
Project("{FAE04EC0-301F-11D3-BF4B-00C04F79EFBC}") = "01. The Fight for Gondor", "AdvancedExam20February2021\01. The Fight for Gondor.csproj", "{310F0C6F-9AFB-4CF2-97CE-17FB2974F032}"
EndProject
Project("{FAE04EC0-301F-11D3-BF4B-00C04F79EFBC}") = "02Warships", "02Warships\02Warships.csproj", "{74FA2937-4228-4870-9C7B-2187E442DC9F}"
EndProject
Project("{FAE04EC0-301F-11D3-BF4B-00C04F79EFBC}") = "03TheRace", "03TheRace\03TheRace.csproj", "{A425BBA1-5B3D-4213-84AE-DAC5C08C7F4D}"
EndProject
Global
	GlobalSection(SolutionConfigurationPlatforms) = preSolution
		Debug|Any CPU = Debug|Any CPU
		Release|Any CPU = Release|Any CPU
	EndGlobalSection
	GlobalSection(ProjectConfigurationPlatforms) = postSolution
		{310F0C6F-9AFB-4CF2-97CE-17FB2974F032}.Debug|Any CPU.ActiveCfg = Debug|Any CPU
		{310F0C6F-9AFB-4CF2-97CE-17FB2974F032}.Debug|Any CPU.Build.0 = Debug|Any CPU
		{310F0C6F-9AFB-4CF2-97CE-17FB2974F032}.Release|Any CPU.ActiveCfg = Release|Any CPU
		{310F0C6F-9AFB-4CF2-97CE-17FB2974F032}.Release|Any CPU.Build.0 = Release|Any CPU
		{74FA2937-4228-4870-9C7B-2187E442DC9F}.Debug|Any CPU.ActiveCfg = Debug|Any CPU
		{74FA2937-4228-4870-9C7B-2187E442DC9F}.Debug|Any CPU.Build.0 = Debug|Any CPU
		{74FA2937-4228-4870-9C7B-2187E442DC9F}.Release|Any CPU.ActiveCfg = Release|Any CPU
		{74FA2937-4228-4870-9C7B-2187E442DC9F}.Release|Any CPU.Build.0 = Release|Any CPU
		{A425BBA1-5B3D-4213-84AE-DAC5C08C7F4D}.Debug|Any CPU.ActiveCfg = Debug|Any CPU
		{A425BBA1-5B3D-4213-84AE-DAC5C08C7F4D}.Debug|Any CPU.Build.0 = Debug|Any CPU
		{A425BBA1-5B3D-4213-84AE-DAC5C08C7F4D}.Release|Any CPU.ActiveCfg = Release|Any CPU
		{A425BBA1-5B3D-4213-84AE-DAC5C08C7F4D}.Release|Any CPU.Build.0 = Release|Any CPU
	EndGlobalSection
	GlobalSection(SolutionProperties) = preSolution
		HideSolutionNode = FALSE
	EndGlobalSection
	GlobalSection(ExtensibilityGlobals) = postSolution
		SolutionGuid = {55E3AEBB-4E1D-4C11-8F97-AC1DF1FAD656}
	EndGlobalSection
EndGlobal
