
Microsoft Visual Studio Solution File, Format Version 12.00
# Visual Studio Version 16
VisualStudioVersion = 16.0.30804.86
MinimumVisualStudioVersion = 10.0.40219.1
Project("{9A19103F-16F7-4668-BE54-9A1E7A4F7556}") = "FinalPrep", "FinalPrep\FinalPrep.csproj", "{B7523AC2-133C-45B5-A173-D052939EF629}"
EndProject
Project("{9A19103F-16F7-4668-BE54-9A1E7A4F7556}") = "02MuOnline", "02MuOnline\02MuOnline.csproj", "{32B70714-8741-40E3-87E3-7DDFB2318926}"
EndProject
Project("{9A19103F-16F7-4668-BE54-9A1E7A4F7556}") = "inventory", "inventory\inventory.csproj", "{50554B45-3E58-4563-8B7C-028B7F20E75F}"
EndProject
Project("{9A19103F-16F7-4668-BE54-9A1E7A4F7556}") = "01NationalCourt", "01NationalCourt\01NationalCourt.csproj", "{5A5D18AD-8382-4CBD-BDCA-64A96CF5E734}"
EndProject
Project("{9A19103F-16F7-4668-BE54-9A1E7A4F7556}") = "02ShoppingList", "02ShoppingList\02ShoppingList.csproj", "{B047F909-6E10-4F78-A006-B2CD89917DC7}"
EndProject
Project("{9A19103F-16F7-4668-BE54-9A1E7A4F7556}") = "03HeartDelivery", "03HeartDelivery\03HeartDelivery.csproj", "{534CE287-E5B5-4C57-9EAC-BC557DF108B1}"
EndProject
Project("{9A19103F-16F7-4668-BE54-9A1E7A4F7556}") = "01TextProccesing", "01TextProccesing\01TextProccesing.csproj", "{1CC3FB61-C73D-4484-87EB-4E86909E8792}"
EndProject
Project("{9A19103F-16F7-4668-BE54-9A1E7A4F7556}") = "03ExtractFile", "03ExtractFile\03ExtractFile.csproj", "{1CAD3C85-B35A-4330-A596-3FC07D3D922B}"
EndProject
Project("{9A19103F-16F7-4668-BE54-9A1E7A4F7556}") = "04CaeserCipher", "04CaeserCipher\04CaeserCipher.csproj", "{D8880204-DC1D-4D22-B308-67D28F5A261A}"
EndProject
Project("{9A19103F-16F7-4668-BE54-9A1E7A4F7556}") = "05MultiPly", "05MultiPly\05MultiPly.csproj", "{210E979E-D0D4-455F-88EC-316527BA046D}"
EndProject
Project("{9A19103F-16F7-4668-BE54-9A1E7A4F7556}") = "06ReplaceRepeatingChars", "06ReplaceRepeatingChars\06ReplaceRepeatingChars.csproj", "{344B36A9-1F93-4C6F-ABF3-CB283FEE15F5}"
EndProject
Project("{9A19103F-16F7-4668-BE54-9A1E7A4F7556}") = "07StringExplosion", "07StringExplosion\07StringExplosion.csproj", "{3C90BB07-A36B-40E9-AEAE-9B38B4B17164}"
EndProject
Project("{9A19103F-16F7-4668-BE54-9A1E7A4F7556}") = "08", "08\08.csproj", "{609B13BA-C413-4214-A9A3-7BB46ADC9C92}"
EndProject
Project("{9A19103F-16F7-4668-BE54-9A1E7A4F7556}") = "01CountCharsInString", "01CountCharsInString\01CountCharsInString.csproj", "{58634DEE-8A73-4612-B978-267639EDD4EF}"
EndProject
Project("{9A19103F-16F7-4668-BE54-9A1E7A4F7556}") = "02AMinerTask", "02AMinerTask\02AMinerTask.csproj", "{DBC7592B-0263-45E4-928B-4C91141DDA77}"
EndProject
Project("{9A19103F-16F7-4668-BE54-9A1E7A4F7556}") = "04Orders", "03LegendaryFarming\04Orders.csproj", "{D8D1E727-05F1-4517-B0E5-7CEA89E289A4}"
EndProject
Project("{9A19103F-16F7-4668-BE54-9A1E7A4F7556}") = "05Softuni", "05Softuni\05Softuni.csproj", "{588405FC-284F-4164-891A-5B86DF0572FF}"
EndProject
Project("{9A19103F-16F7-4668-BE54-9A1E7A4F7556}") = "06Courses", "06Courses\06Courses.csproj", "{DF37F45F-F486-47CF-A394-7A0165645FEC}"
EndProject
Project("{9A19103F-16F7-4668-BE54-9A1E7A4F7556}") = "07StudentAcademy", "07StudentAcademy\07StudentAcademy.csproj", "{0E38DE37-04F6-4314-8550-F956496E4F04}"
EndProject
Project("{9A19103F-16F7-4668-BE54-9A1E7A4F7556}") = "08Users", "08Users\08Users.csproj", "{2FFA70A4-F8D9-4F80-A072-CD6B1DC90719}"
EndProject
Project("{9A19103F-16F7-4668-BE54-9A1E7A4F7556}") = "01SoftuniReception", "01SoftuniReception\01SoftuniReception.csproj", "{5873D33E-E44E-4502-A2E2-034AC8A78F15}"
EndProject
Project("{9A19103F-16F7-4668-BE54-9A1E7A4F7556}") = "02ArrayModifier", "02ArrayModifier\02ArrayModifier.csproj", "{D44FFE2F-B070-42F0-8723-B968CF07DF91}"
EndProject
Project("{9A19103F-16F7-4668-BE54-9A1E7A4F7556}") = "03Nums", "03Nums\03Nums.csproj", "{60790C11-DCC2-4C90-9E08-3CA4F60E1433}"
EndProject
Project("{FAE04EC0-301F-11D3-BF4B-00C04F79EFBC}") = "BonusScoring", "BonusScoring\BonusScoring.csproj", "{A0B6A476-7C15-4907-855A-9A9C14516C7E}"
EndProject
Project("{FAE04EC0-301F-11D3-BF4B-00C04F79EFBC}") = "MuOnline", "MuOnline\MuOnline.csproj", "{F40D9FA5-3BAC-4218-B492-1F3DCC8939D3}"
EndProject
Global
	GlobalSection(SolutionConfigurationPlatforms) = preSolution
		Debug|Any CPU = Debug|Any CPU
		Release|Any CPU = Release|Any CPU
	EndGlobalSection
	GlobalSection(ProjectConfigurationPlatforms) = postSolution
		{B7523AC2-133C-45B5-A173-D052939EF629}.Debug|Any CPU.ActiveCfg = Debug|Any CPU
		{B7523AC2-133C-45B5-A173-D052939EF629}.Debug|Any CPU.Build.0 = Debug|Any CPU
		{B7523AC2-133C-45B5-A173-D052939EF629}.Release|Any CPU.ActiveCfg = Release|Any CPU
		{B7523AC2-133C-45B5-A173-D052939EF629}.Release|Any CPU.Build.0 = Release|Any CPU
		{32B70714-8741-40E3-87E3-7DDFB2318926}.Debug|Any CPU.ActiveCfg = Debug|Any CPU
		{32B70714-8741-40E3-87E3-7DDFB2318926}.Debug|Any CPU.Build.0 = Debug|Any CPU
		{32B70714-8741-40E3-87E3-7DDFB2318926}.Release|Any CPU.ActiveCfg = Release|Any CPU
		{32B70714-8741-40E3-87E3-7DDFB2318926}.Release|Any CPU.Build.0 = Release|Any CPU
		{50554B45-3E58-4563-8B7C-028B7F20E75F}.Debug|Any CPU.ActiveCfg = Debug|Any CPU
		{50554B45-3E58-4563-8B7C-028B7F20E75F}.Debug|Any CPU.Build.0 = Debug|Any CPU
		{50554B45-3E58-4563-8B7C-028B7F20E75F}.Release|Any CPU.ActiveCfg = Release|Any CPU
		{50554B45-3E58-4563-8B7C-028B7F20E75F}.Release|Any CPU.Build.0 = Release|Any CPU
		{5A5D18AD-8382-4CBD-BDCA-64A96CF5E734}.Debug|Any CPU.ActiveCfg = Debug|Any CPU
		{5A5D18AD-8382-4CBD-BDCA-64A96CF5E734}.Debug|Any CPU.Build.0 = Debug|Any CPU
		{5A5D18AD-8382-4CBD-BDCA-64A96CF5E734}.Release|Any CPU.ActiveCfg = Release|Any CPU
		{5A5D18AD-8382-4CBD-BDCA-64A96CF5E734}.Release|Any CPU.Build.0 = Release|Any CPU
		{B047F909-6E10-4F78-A006-B2CD89917DC7}.Debug|Any CPU.ActiveCfg = Debug|Any CPU
		{B047F909-6E10-4F78-A006-B2CD89917DC7}.Debug|Any CPU.Build.0 = Debug|Any CPU
		{B047F909-6E10-4F78-A006-B2CD89917DC7}.Release|Any CPU.ActiveCfg = Release|Any CPU
		{B047F909-6E10-4F78-A006-B2CD89917DC7}.Release|Any CPU.Build.0 = Release|Any CPU
		{534CE287-E5B5-4C57-9EAC-BC557DF108B1}.Debug|Any CPU.ActiveCfg = Debug|Any CPU
		{534CE287-E5B5-4C57-9EAC-BC557DF108B1}.Debug|Any CPU.Build.0 = Debug|Any CPU
		{534CE287-E5B5-4C57-9EAC-BC557DF108B1}.Release|Any CPU.ActiveCfg = Release|Any CPU
		{534CE287-E5B5-4C57-9EAC-BC557DF108B1}.Release|Any CPU.Build.0 = Release|Any CPU
		{1CC3FB61-C73D-4484-87EB-4E86909E8792}.Debug|Any CPU.ActiveCfg = Debug|Any CPU
		{1CC3FB61-C73D-4484-87EB-4E86909E8792}.Debug|Any CPU.Build.0 = Debug|Any CPU
		{1CC3FB61-C73D-4484-87EB-4E86909E8792}.Release|Any CPU.ActiveCfg = Release|Any CPU
		{1CC3FB61-C73D-4484-87EB-4E86909E8792}.Release|Any CPU.Build.0 = Release|Any CPU
		{1CAD3C85-B35A-4330-A596-3FC07D3D922B}.Debug|Any CPU.ActiveCfg = Debug|Any CPU
		{1CAD3C85-B35A-4330-A596-3FC07D3D922B}.Debug|Any CPU.Build.0 = Debug|Any CPU
		{1CAD3C85-B35A-4330-A596-3FC07D3D922B}.Release|Any CPU.ActiveCfg = Release|Any CPU
		{1CAD3C85-B35A-4330-A596-3FC07D3D922B}.Release|Any CPU.Build.0 = Release|Any CPU
		{D8880204-DC1D-4D22-B308-67D28F5A261A}.Debug|Any CPU.ActiveCfg = Debug|Any CPU
		{D8880204-DC1D-4D22-B308-67D28F5A261A}.Debug|Any CPU.Build.0 = Debug|Any CPU
		{D8880204-DC1D-4D22-B308-67D28F5A261A}.Release|Any CPU.ActiveCfg = Release|Any CPU
		{D8880204-DC1D-4D22-B308-67D28F5A261A}.Release|Any CPU.Build.0 = Release|Any CPU
		{210E979E-D0D4-455F-88EC-316527BA046D}.Debug|Any CPU.ActiveCfg = Debug|Any CPU
		{210E979E-D0D4-455F-88EC-316527BA046D}.Debug|Any CPU.Build.0 = Debug|Any CPU
		{210E979E-D0D4-455F-88EC-316527BA046D}.Release|Any CPU.ActiveCfg = Release|Any CPU
		{210E979E-D0D4-455F-88EC-316527BA046D}.Release|Any CPU.Build.0 = Release|Any CPU
		{344B36A9-1F93-4C6F-ABF3-CB283FEE15F5}.Debug|Any CPU.ActiveCfg = Debug|Any CPU
		{344B36A9-1F93-4C6F-ABF3-CB283FEE15F5}.Debug|Any CPU.Build.0 = Debug|Any CPU
		{344B36A9-1F93-4C6F-ABF3-CB283FEE15F5}.Release|Any CPU.ActiveCfg = Release|Any CPU
		{344B36A9-1F93-4C6F-ABF3-CB283FEE15F5}.Release|Any CPU.Build.0 = Release|Any CPU
		{3C90BB07-A36B-40E9-AEAE-9B38B4B17164}.Debug|Any CPU.ActiveCfg = Debug|Any CPU
		{3C90BB07-A36B-40E9-AEAE-9B38B4B17164}.Debug|Any CPU.Build.0 = Debug|Any CPU
		{3C90BB07-A36B-40E9-AEAE-9B38B4B17164}.Release|Any CPU.ActiveCfg = Release|Any CPU
		{3C90BB07-A36B-40E9-AEAE-9B38B4B17164}.Release|Any CPU.Build.0 = Release|Any CPU
		{609B13BA-C413-4214-A9A3-7BB46ADC9C92}.Debug|Any CPU.ActiveCfg = Debug|Any CPU
		{609B13BA-C413-4214-A9A3-7BB46ADC9C92}.Debug|Any CPU.Build.0 = Debug|Any CPU
		{609B13BA-C413-4214-A9A3-7BB46ADC9C92}.Release|Any CPU.ActiveCfg = Release|Any CPU
		{609B13BA-C413-4214-A9A3-7BB46ADC9C92}.Release|Any CPU.Build.0 = Release|Any CPU
		{58634DEE-8A73-4612-B978-267639EDD4EF}.Debug|Any CPU.ActiveCfg = Debug|Any CPU
		{58634DEE-8A73-4612-B978-267639EDD4EF}.Debug|Any CPU.Build.0 = Debug|Any CPU
		{58634DEE-8A73-4612-B978-267639EDD4EF}.Release|Any CPU.ActiveCfg = Release|Any CPU
		{58634DEE-8A73-4612-B978-267639EDD4EF}.Release|Any CPU.Build.0 = Release|Any CPU
		{DBC7592B-0263-45E4-928B-4C91141DDA77}.Debug|Any CPU.ActiveCfg = Debug|Any CPU
		{DBC7592B-0263-45E4-928B-4C91141DDA77}.Debug|Any CPU.Build.0 = Debug|Any CPU
		{DBC7592B-0263-45E4-928B-4C91141DDA77}.Release|Any CPU.ActiveCfg = Release|Any CPU
		{DBC7592B-0263-45E4-928B-4C91141DDA77}.Release|Any CPU.Build.0 = Release|Any CPU
		{D8D1E727-05F1-4517-B0E5-7CEA89E289A4}.Debug|Any CPU.ActiveCfg = Debug|Any CPU
		{D8D1E727-05F1-4517-B0E5-7CEA89E289A4}.Debug|Any CPU.Build.0 = Debug|Any CPU
		{D8D1E727-05F1-4517-B0E5-7CEA89E289A4}.Release|Any CPU.ActiveCfg = Release|Any CPU
		{D8D1E727-05F1-4517-B0E5-7CEA89E289A4}.Release|Any CPU.Build.0 = Release|Any CPU
		{588405FC-284F-4164-891A-5B86DF0572FF}.Debug|Any CPU.ActiveCfg = Debug|Any CPU
		{588405FC-284F-4164-891A-5B86DF0572FF}.Debug|Any CPU.Build.0 = Debug|Any CPU
		{588405FC-284F-4164-891A-5B86DF0572FF}.Release|Any CPU.ActiveCfg = Release|Any CPU
		{588405FC-284F-4164-891A-5B86DF0572FF}.Release|Any CPU.Build.0 = Release|Any CPU
		{DF37F45F-F486-47CF-A394-7A0165645FEC}.Debug|Any CPU.ActiveCfg = Debug|Any CPU
		{DF37F45F-F486-47CF-A394-7A0165645FEC}.Debug|Any CPU.Build.0 = Debug|Any CPU
		{DF37F45F-F486-47CF-A394-7A0165645FEC}.Release|Any CPU.ActiveCfg = Release|Any CPU
		{DF37F45F-F486-47CF-A394-7A0165645FEC}.Release|Any CPU.Build.0 = Release|Any CPU
		{0E38DE37-04F6-4314-8550-F956496E4F04}.Debug|Any CPU.ActiveCfg = Debug|Any CPU
		{0E38DE37-04F6-4314-8550-F956496E4F04}.Debug|Any CPU.Build.0 = Debug|Any CPU
		{0E38DE37-04F6-4314-8550-F956496E4F04}.Release|Any CPU.ActiveCfg = Release|Any CPU
		{0E38DE37-04F6-4314-8550-F956496E4F04}.Release|Any CPU.Build.0 = Release|Any CPU
		{2FFA70A4-F8D9-4F80-A072-CD6B1DC90719}.Debug|Any CPU.ActiveCfg = Debug|Any CPU
		{2FFA70A4-F8D9-4F80-A072-CD6B1DC90719}.Debug|Any CPU.Build.0 = Debug|Any CPU
		{2FFA70A4-F8D9-4F80-A072-CD6B1DC90719}.Release|Any CPU.ActiveCfg = Release|Any CPU
		{2FFA70A4-F8D9-4F80-A072-CD6B1DC90719}.Release|Any CPU.Build.0 = Release|Any CPU
		{5873D33E-E44E-4502-A2E2-034AC8A78F15}.Debug|Any CPU.ActiveCfg = Debug|Any CPU
		{5873D33E-E44E-4502-A2E2-034AC8A78F15}.Debug|Any CPU.Build.0 = Debug|Any CPU
		{5873D33E-E44E-4502-A2E2-034AC8A78F15}.Release|Any CPU.ActiveCfg = Release|Any CPU
		{5873D33E-E44E-4502-A2E2-034AC8A78F15}.Release|Any CPU.Build.0 = Release|Any CPU
		{D44FFE2F-B070-42F0-8723-B968CF07DF91}.Debug|Any CPU.ActiveCfg = Debug|Any CPU
		{D44FFE2F-B070-42F0-8723-B968CF07DF91}.Debug|Any CPU.Build.0 = Debug|Any CPU
		{D44FFE2F-B070-42F0-8723-B968CF07DF91}.Release|Any CPU.ActiveCfg = Release|Any CPU
		{D44FFE2F-B070-42F0-8723-B968CF07DF91}.Release|Any CPU.Build.0 = Release|Any CPU
		{60790C11-DCC2-4C90-9E08-3CA4F60E1433}.Debug|Any CPU.ActiveCfg = Debug|Any CPU
		{60790C11-DCC2-4C90-9E08-3CA4F60E1433}.Debug|Any CPU.Build.0 = Debug|Any CPU
		{60790C11-DCC2-4C90-9E08-3CA4F60E1433}.Release|Any CPU.ActiveCfg = Release|Any CPU
		{60790C11-DCC2-4C90-9E08-3CA4F60E1433}.Release|Any CPU.Build.0 = Release|Any CPU
		{A0B6A476-7C15-4907-855A-9A9C14516C7E}.Debug|Any CPU.ActiveCfg = Debug|Any CPU
		{A0B6A476-7C15-4907-855A-9A9C14516C7E}.Debug|Any CPU.Build.0 = Debug|Any CPU
		{A0B6A476-7C15-4907-855A-9A9C14516C7E}.Release|Any CPU.ActiveCfg = Release|Any CPU
		{A0B6A476-7C15-4907-855A-9A9C14516C7E}.Release|Any CPU.Build.0 = Release|Any CPU
		{F40D9FA5-3BAC-4218-B492-1F3DCC8939D3}.Debug|Any CPU.ActiveCfg = Debug|Any CPU
		{F40D9FA5-3BAC-4218-B492-1F3DCC8939D3}.Debug|Any CPU.Build.0 = Debug|Any CPU
		{F40D9FA5-3BAC-4218-B492-1F3DCC8939D3}.Release|Any CPU.ActiveCfg = Release|Any CPU
		{F40D9FA5-3BAC-4218-B492-1F3DCC8939D3}.Release|Any CPU.Build.0 = Release|Any CPU
	EndGlobalSection
	GlobalSection(SolutionProperties) = preSolution
		HideSolutionNode = FALSE
	EndGlobalSection
	GlobalSection(ExtensibilityGlobals) = postSolution
		SolutionGuid = {4D78ACF7-AC36-4581-AD1E-9E9168F065BB}
	EndGlobalSection
EndGlobal
