
Microsoft Visual Studio Solution File, Format Version 12.00
# Visual Studio Version 16
VisualStudioVersion = 16.0.30804.86
MinimumVisualStudioVersion = 10.0.40219.1
Project("{FAE04EC0-301F-11D3-BF4B-00C04F79EFBC}") = "02Warships", "Advanced20Feb2021\02Warships.csproj", "{DCE87CE9-3E0A-4C4A-96D2-9D01021E80D1}"
EndProject
Global
	GlobalSection(SolutionConfigurationPlatforms) = preSolution
		Debug|Any CPU = Debug|Any CPU
		Release|Any CPU = Release|Any CPU
	EndGlobalSection
	GlobalSection(ProjectConfigurationPlatforms) = postSolution
		{DCE87CE9-3E0A-4C4A-96D2-9D01021E80D1}.Debug|Any CPU.ActiveCfg = Debug|Any CPU
		{DCE87CE9-3E0A-4C4A-96D2-9D01021E80D1}.Debug|Any CPU.Build.0 = Debug|Any CPU
		{DCE87CE9-3E0A-4C4A-96D2-9D01021E80D1}.Release|Any CPU.ActiveCfg = Release|Any CPU
		{DCE87CE9-3E0A-4C4A-96D2-9D01021E80D1}.Release|Any CPU.Build.0 = Release|Any CPU
	EndGlobalSection
	GlobalSection(SolutionProperties) = preSolution
		HideSolutionNode = FALSE
	EndGlobalSection
	GlobalSection(ExtensibilityGlobals) = postSolution
		SolutionGuid = {E5CE1E9C-9E1A-4901-A4E4-F1C873224D0D}
	EndGlobalSection
EndGlobal
