
Microsoft Visual Studio Solution File, Format Version 12.00
# Visual Studio Version 16
VisualStudioVersion = 16.0.30804.86
MinimumVisualStudioVersion = 10.0.40219.1
Project("{9A19103F-16F7-4668-BE54-9A1E7A4F7556}") = "Basics", "Basics\Basics.csproj", "{AA958DEC-28E3-46E6-B539-ED9929A1B6A2}"
EndProject
Project("{9A19103F-16F7-4668-BE54-9A1E7A4F7556}") = "02PrintNumsInReverse", "02PrintNumsInReverse\02PrintNumsInReverse.csproj", "{A910B149-912F-4EB4-B9E2-60C163819373}"
EndProject
Project("{9A19103F-16F7-4668-BE54-9A1E7A4F7556}") = "03RoundingNums", "03RoundingNums\03RoundingNums.csproj", "{613CAC40-725B-4058-98AB-66583EBA747D}"
EndProject
Project("{9A19103F-16F7-4668-BE54-9A1E7A4F7556}") = "04ReverseArray", "04ReverseArray\04ReverseArray.csproj", "{EA76EE35-02CD-4183-8F62-AA226792FAA3}"
EndProject
Project("{9A19103F-16F7-4668-BE54-9A1E7A4F7556}") = "05SumEvenNumbers", "05SumEvenNumbers\05SumEvenNumbers.csproj", "{C28D1A18-C9A9-4275-A2EB-65104F0FFF9B}"
EndProject
Project("{9A19103F-16F7-4668-BE54-9A1E7A4F7556}") = "06EvenAndOdd", "06EvenAndOdd\06EvenAndOdd.csproj", "{F80508BE-4993-45CB-AC32-7E6E30C84855}"
EndProject
Project("{9A19103F-16F7-4668-BE54-9A1E7A4F7556}") = "07EqualArrays", "07EqualArrays\07EqualArrays.csproj", "{D51E5B76-0F5A-40C1-8A7E-7EF8928F84C0}"
EndProject
Project("{9A19103F-16F7-4668-BE54-9A1E7A4F7556}") = "08CondenseArray", "08CondenseArray\08CondenseArray.csproj", "{643BBD39-6124-484D-8061-F52BC8E2CC1C}"
EndProject
Project("{9A19103F-16F7-4668-BE54-9A1E7A4F7556}") = "01Train", "01Train\01Train.csproj", "{B1674865-7138-4D62-8998-BCDAFC75B854}"
EndProject
Project("{9A19103F-16F7-4668-BE54-9A1E7A4F7556}") = "02CommonElements", "02CommonElements\02CommonElements.csproj", "{F119DF3C-868E-4B6C-B51D-B5C607B934F5}"
EndProject
Project("{9A19103F-16F7-4668-BE54-9A1E7A4F7556}") = "03ZigZagArray", "03ZigZagArray\03ZigZagArray.csproj", "{0130A148-AD81-423E-A9B9-44E66964CC80}"
EndProject
Project("{9A19103F-16F7-4668-BE54-9A1E7A4F7556}") = "04ArrayRotation", "04ArrayRotation\04ArrayRotation.csproj", "{BBB2EBF6-7ABC-4222-9CB0-2A85E276E242}"
EndProject
Project("{9A19103F-16F7-4668-BE54-9A1E7A4F7556}") = "05TopIntegers", "05TopIntegers\05TopIntegers.csproj", "{997188DF-AB15-48DC-B2F7-5AB39133A044}"
EndProject
Project("{9A19103F-16F7-4668-BE54-9A1E7A4F7556}") = "06EqualSum", "06EqualSum\06EqualSum.csproj", "{BF4C44DE-1879-47FE-99B5-E1971CEE5BC1}"
EndProject
Project("{9A19103F-16F7-4668-BE54-9A1E7A4F7556}") = "06MaxSequence", "06MaxSequence\06MaxSequence.csproj", "{85A5A9C4-3B8B-4E6F-8A2B-08DA48ECFA0F}"
EndProject
Project("{9A19103F-16F7-4668-BE54-9A1E7A4F7556}") = "08MagicSUm", "08MagicSUm\08MagicSUm.csproj", "{0FF16981-5620-4247-8846-AEE0DCA1938E}"
EndProject
Project("{9A19103F-16F7-4668-BE54-9A1E7A4F7556}") = "09KaminoFactory", "09KaminoFactory\09KaminoFactory.csproj", "{0E5E8A28-3DD5-4AE0-8AB7-86AC7E661C4E}"
EndProject
Project("{9A19103F-16F7-4668-BE54-9A1E7A4F7556}") = "RegularExpression", "RegularExpression\RegularExpression.csproj", "{13A1FC13-0B1D-4C38-A859-AEFAED361A34}"
EndProject
Project("{9A19103F-16F7-4668-BE54-9A1E7A4F7556}") = "01Regex", "01Regex\01Regex.csproj", "{8D128078-8395-46CE-B254-F0153A072DEB}"
EndProject
Project("{9A19103F-16F7-4668-BE54-9A1E7A4F7556}") = "03Regex", "03Regex\03Regex.csproj", "{573AF366-340E-41B9-BD84-0BD4DBF2ABA8}"
EndProject
Project("{9A19103F-16F7-4668-BE54-9A1E7A4F7556}") = "02Regex", "02Regex\02Regex.csproj", "{A63D158B-E07C-4FFB-9A31-D8BB6453B368}"
EndProject
Project("{9A19103F-16F7-4668-BE54-9A1E7A4F7556}") = "01SumNums", "01SumNums\01SumNums.csproj", "{81F0F550-0168-4127-942E-1318CABA72E7}"
EndProject
Project("{9A19103F-16F7-4668-BE54-9A1E7A4F7556}") = "02GaussTrick", "02GaussTrick\02GaussTrick.csproj", "{65FCB06E-D4DB-4F9F-92A6-FFE5EAC3B832}"
EndProject
Project("{9A19103F-16F7-4668-BE54-9A1E7A4F7556}") = "03MergingLists", "03MergingLists\03MergingLists.csproj", "{EC83443C-F6F5-4280-83F4-CCD066431751}"
EndProject
Project("{9A19103F-16F7-4668-BE54-9A1E7A4F7556}") = "04ListOfProducts", "04ListOfProducts\04ListOfProducts.csproj", "{A7226FD0-2F48-4283-9722-03712E2974FF}"
EndProject
Project("{9A19103F-16F7-4668-BE54-9A1E7A4F7556}") = "05RemoveNegatives", "05RemoveNegatives\05RemoveNegatives.csproj", "{2430ACBB-8B17-43DF-9198-3953058D90F9}"
EndProject
Project("{9A19103F-16F7-4668-BE54-9A1E7A4F7556}") = "06ListManipullation", "06ListManipullation\06ListManipullation.csproj", "{F67C6985-AC32-4539-B31D-0FCE32286783}"
EndProject
Project("{9A19103F-16F7-4668-BE54-9A1E7A4F7556}") = "07ListAdvanced", "07ListAdvanced\07ListAdvanced.csproj", "{685A02FD-180E-4531-85DF-9735B509283C}"
EndProject
Project("{9A19103F-16F7-4668-BE54-9A1E7A4F7556}") = "01TrainList", "01TrainList\01TrainList.csproj", "{7AFE232B-EB2A-4080-9928-64B26ADF9132}"
EndProject
Project("{9A19103F-16F7-4668-BE54-9A1E7A4F7556}") = "02ChangeList", "02ChangeList\02ChangeList.csproj", "{8CC19151-0BAE-448B-98E3-15BB3420ED8A}"
EndProject
Project("{9A19103F-16F7-4668-BE54-9A1E7A4F7556}") = "03HouseParty", "03HouseParty\03HouseParty.csproj", "{FF977BC7-1F5A-4641-8CD6-D7A26E2E4367}"
EndProject
Project("{9A19103F-16F7-4668-BE54-9A1E7A4F7556}") = "04ListOperations", "04ListOperations\04ListOperations.csproj", "{57F992FD-B16C-4F18-A946-848C7998D800}"
EndProject
Project("{9A19103F-16F7-4668-BE54-9A1E7A4F7556}") = "05BombNums", "05BombNums\05BombNums.csproj", "{2B73AB51-3A02-4710-9661-66649FF68063}"
EndProject
Project("{9A19103F-16F7-4668-BE54-9A1E7A4F7556}") = "06CardsGame", "06CardsGame\06CardsGame.csproj", "{6C6A5544-EB28-43D1-82FD-53EB7D047552}"
EndProject
Project("{9A19103F-16F7-4668-BE54-9A1E7A4F7556}") = "07AppendArrays", "07AppendArrays\07AppendArrays.csproj", "{95CB939B-55B9-4655-AFBE-A305ACBBEDE6}"
EndProject
Project("{9A19103F-16F7-4668-BE54-9A1E7A4F7556}") = "10SoftuniCoursePlaning", "10SoftuniCoursePlaning\10SoftuniCoursePlaning.csproj", "{27211A8F-B8BF-4C26-B04F-122A52536CA6}"
EndProject
Project("{9A19103F-16F7-4668-BE54-9A1E7A4F7556}") = "01. Sign of Integer Numbers", "01. Sign of Integer Numbers\01. Sign of Integer Numbers.csproj", "{52349565-42E8-4541-9A77-2CFCCAF89277}"
EndProject
Project("{9A19103F-16F7-4668-BE54-9A1E7A4F7556}") = "02Grades", "02Grades\02Grades.csproj", "{39E68143-9292-418C-8053-1B928C332863}"
EndProject
Project("{9A19103F-16F7-4668-BE54-9A1E7A4F7556}") = "03Calculations", "03Calculations\03Calculations.csproj", "{FD1D43C8-369A-4A1B-8B34-ABCD409641E3}"
EndProject
Project("{9A19103F-16F7-4668-BE54-9A1E7A4F7556}") = "04PrintingTriangle", "04PrintingTriangle\04PrintingTriangle.csproj", "{42439535-9547-484D-BD47-F94393D0BA00}"
EndProject
Project("{9A19103F-16F7-4668-BE54-9A1E7A4F7556}") = "05Orders", "05Orders\05Orders.csproj", "{B0B6B7D4-3443-45E9-A512-ABF5400D7DCE}"
EndProject
Project("{9A19103F-16F7-4668-BE54-9A1E7A4F7556}") = "06CalculateArea", "06CalculateArea\06CalculateArea.csproj", "{438E8D03-78BA-4628-95A6-0ACE8751B8BB}"
EndProject
Project("{9A19103F-16F7-4668-BE54-9A1E7A4F7556}") = "07RepeatString", "07RepeatString\07RepeatString.csproj", "{BD52B8CA-83F8-46AF-B28B-4CD906474985}"
EndProject
Project("{9A19103F-16F7-4668-BE54-9A1E7A4F7556}") = "08MathPower", "08MathPower\08MathPower.csproj", "{8476C4B2-157F-4513-BA97-AEE20E1F9E7F}"
EndProject
Project("{9A19103F-16F7-4668-BE54-9A1E7A4F7556}") = "09GreaterOFTwoValues", "09GreaterOFTwoValues\09GreaterOFTwoValues.csproj", "{39777B07-8548-47C0-BF35-1A47DAAD7938}"
EndProject
Project("{9A19103F-16F7-4668-BE54-9A1E7A4F7556}") = "10MultiplyEvenByOdds", "10MultiplyEvenByOdds\10MultiplyEvenByOdds.csproj", "{F81B9623-63CD-4F54-95CC-8570A50D2574}"
EndProject
Project("{9A19103F-16F7-4668-BE54-9A1E7A4F7556}") = "01ArrayMoreEx", "01ArrayMoreEx\01ArrayMoreEx.csproj", "{0B8F3BD4-8489-4069-90EA-07AEFACB3A51}"
EndProject
Project("{9A19103F-16F7-4668-BE54-9A1E7A4F7556}") = "02PascalTriangle", "02PascalTriangle\02PascalTriangle.csproj", "{5F1EB6CB-E1D2-4790-AEAC-31F4FB3AB072}"
EndProject
Project("{9A19103F-16F7-4668-BE54-9A1E7A4F7556}") = "04FoldAndSum", "04FoldAndSum\04FoldAndSum.csproj", "{DDDE110B-4790-42CD-843B-80C9531594D2}"
EndProject
Project("{9A19103F-16F7-4668-BE54-9A1E7A4F7556}") = "05LongestSub", "05LongestSub\05LongestSub.csproj", "{2D9E135E-82C6-42E8-A761-FC601C7F9C90}"
EndProject
Project("{9A19103F-16F7-4668-BE54-9A1E7A4F7556}") = "01SmallestOFThreeNums", "01SmallestOFThreeNums\01SmallestOFThreeNums.csproj", "{35E91F1B-F233-40A2-B12B-EAFA9EB0D597}"
EndProject
Project("{9A19103F-16F7-4668-BE54-9A1E7A4F7556}") = "02VowlesCount", "02VowlesCount\02VowlesCount.csproj", "{50DDF2AC-C603-4286-B3CF-A007C21D9A4C}"
EndProject
Project("{9A19103F-16F7-4668-BE54-9A1E7A4F7556}") = "03CharactersInRange", "03CharactersInRange\03CharactersInRange.csproj", "{0D7D7555-1C1F-4646-B9C9-2B3032EE79EF}"
EndProject
Project("{9A19103F-16F7-4668-BE54-9A1E7A4F7556}") = "04PasswordValidator", "04PasswordValidator\04PasswordValidator.csproj", "{53179D13-A560-4CBA-9173-86D007EBEB89}"
EndProject
Project("{9A19103F-16F7-4668-BE54-9A1E7A4F7556}") = "05AddorSubtract", "05AddorSubtract\05AddorSubtract.csproj", "{5FF05982-F437-4253-801F-CCD457F291A4}"
EndProject
Project("{9A19103F-16F7-4668-BE54-9A1E7A4F7556}") = "06MiddleChars", "06MiddleChars\06MiddleChars.csproj", "{0C3A9A07-207C-4EC3-9920-D0ADFE580357}"
EndProject
Project("{9A19103F-16F7-4668-BE54-9A1E7A4F7556}") = "07NxNMatrix", "07NxNMatrix\07NxNMatrix.csproj", "{8FF8519D-B3D1-4B49-9048-75EF9D8942E3}"
EndProject
Project("{9A19103F-16F7-4668-BE54-9A1E7A4F7556}") = "01Messaging", "01Messaging\01Messaging.csproj", "{78CA95AC-52F4-4040-A2D5-D725487D629A}"
EndProject
Project("{9A19103F-16F7-4668-BE54-9A1E7A4F7556}") = "04DrumSet", "04DrumSet\04DrumSet.csproj", "{9D4427CE-DCFC-4C80-BC90-3F97238A76CB}"
EndProject
Project("{9A19103F-16F7-4668-BE54-9A1E7A4F7556}") = "09PokemonDontGo", "09PokemonDontGo\09PokemonDontGo.csproj", "{3728AE65-FBA7-4428-B765-A1C04AB395EB}"
EndProject
Project("{9A19103F-16F7-4668-BE54-9A1E7A4F7556}") = "test", "test\test.csproj", "{FF738C5A-C822-4026-A274-6A1C48EAFD62}"
EndProject
Project("{9A19103F-16F7-4668-BE54-9A1E7A4F7556}") = "01MidExam_BonusScoring", "01MidExam_BonusScoring\01MidExam_BonusScoring.csproj", "{E59E64C3-A266-4A36-909B-D0A45AD8AAB4}"
EndProject
Project("{9A19103F-16F7-4668-BE54-9A1E7A4F7556}") = "02MidExam_MuOnline", "02MidExam_MuOnline\02MidExam_MuOnline.csproj", "{E3E4AEBC-66F5-4988-AED1-E82D36160319}"
EndProject
Project("{9A19103F-16F7-4668-BE54-9A1E7A4F7556}") = "03MidExam_Inventory", "03MidExam_Inventory\03MidExam_Inventory.csproj", "{89705BFD-B008-418E-BEA9-BFD3913251FB}"
EndProject
Project("{9A19103F-16F7-4668-BE54-9A1E7A4F7556}") = "01MidExam_Court", "01MidExam_Court\01MidExam_Court.csproj", "{3CACD151-5E75-4465-97EF-F270F6497E23}"
EndProject
Project("{9A19103F-16F7-4668-BE54-9A1E7A4F7556}") = "02MidExam_ShoppingList", "02MidExam_ShoppingList\02MidExam_ShoppingList.csproj", "{90F0DD79-D662-428E-9BAE-F78211D09D9F}"
EndProject
Project("{9A19103F-16F7-4668-BE54-9A1E7A4F7556}") = "03MidExam_HeartDelivery", "03MidExam_HeartDelivery\03MidExam_HeartDelivery.csproj", "{87E83BA9-F227-4CFA-91F1-EA6F40F7A041}"
EndProject
Project("{9A19103F-16F7-4668-BE54-9A1E7A4F7556}") = "01TextProccessing", "01TextProccessing\01TextProccessing.csproj", "{7C953A9A-F65F-4828-98D4-DDC22D7E8AD7}"
EndProject
Project("{9A19103F-16F7-4668-BE54-9A1E7A4F7556}") = "02ReverseString", "02ReverseString\02ReverseString.csproj", "{B503E587-28CD-4038-93B8-A0D638F5BF3F}"
EndProject
Project("{9A19103F-16F7-4668-BE54-9A1E7A4F7556}") = "03Substring", "03Substring\03Substring.csproj", "{D5140887-91C2-44D4-9E30-FC3D65881B87}"
EndProject
Project("{9A19103F-16F7-4668-BE54-9A1E7A4F7556}") = "04TextFIlter", "04TextFIlter\04TextFIlter.csproj", "{06D8067F-B42D-4AA8-A0C4-61F113FB072E}"
EndProject
Project("{9A19103F-16F7-4668-BE54-9A1E7A4F7556}") = "05DigitsLettersOrOther", "05DigitsLettersOrOther\05DigitsLettersOrOther.csproj", "{1E7275B4-30CF-4DD2-81AB-906BC9759952}"
EndProject
Project("{9A19103F-16F7-4668-BE54-9A1E7A4F7556}") = "test1", "test1\test1.csproj", "{881913C1-3CE4-4D2A-9EF3-3D24EAFD080A}"
EndProject
Project("{9A19103F-16F7-4668-BE54-9A1E7A4F7556}") = "01MidExam_CounterStrike", "01MidExam_CounterStrike\01MidExam_CounterStrike.csproj", "{D4A9C1EA-91C6-4DD4-80E3-70A63DADB135}"
EndProject
Project("{9A19103F-16F7-4668-BE54-9A1E7A4F7556}") = "02MidExam_Shoot", "02MidExam_Shoot\02MidExam_Shoot.csproj", "{2940220B-D9A9-4A9C-8D2E-A9743206BEB1}"
EndProject
Project("{9A19103F-16F7-4668-BE54-9A1E7A4F7556}") = "03MidExam_MovingTarget", "03MidExam_MovingTarget\03MidExam_MovingTarget.csproj", "{FBE7912F-C68E-4EF1-BF6E-C9FF44FCB5A1}"
EndProject
Project("{9A19103F-16F7-4668-BE54-9A1E7A4F7556}") = "01MidExam_SoftuniReception", "01MidExam_SoftuniReception\01MidExam_SoftuniReception.csproj", "{285D7AFE-2D00-4428-BB8E-E8FA6BA745DE}"
EndProject
Project("{9A19103F-16F7-4668-BE54-9A1E7A4F7556}") = "01MidExam_ArrayModifier", "01MidExam_ArrayModifier\01MidExam_ArrayModifier.csproj", "{8E88977F-4EA7-489C-A8A3-FA70E5E3A05D}"
EndProject
Project("{9A19103F-16F7-4668-BE54-9A1E7A4F7556}") = "01MidExam_Numbers", "01MidExam_Numbers\01MidExam_Numbers.csproj", "{98C01FB3-7594-4A5F-AB94-CC01A260B1CA}"
EndProject
Project("{9A19103F-16F7-4668-BE54-9A1E7A4F7556}") = "01MidExam_BlackFlag", "01MidExam_BlackFlag\01MidExam_BlackFlag.csproj", "{1A1A55A2-9EEC-4E17-B723-60E2EA3F9976}"
EndProject
Project("{9A19103F-16F7-4668-BE54-9A1E7A4F7556}") = "01MidExam_Treasure", "01MidExam_Treasure\01MidExam_Treasure.csproj", "{44A55B2E-5D56-4D0C-B641-9D286EBBA817}"
EndProject
Project("{9A19103F-16F7-4668-BE54-9A1E7A4F7556}") = "01MidExam_ManOWar", "01MidExam_ManOWar\01MidExam_ManOWar.csproj", "{EF676C46-9405-4233-9837-5E7F63943B21}"
EndProject
Project("{9A19103F-16F7-4668-BE54-9A1E7A4F7556}") = "regex", "regex\regex.csproj", "{268662DC-9344-4369-8599-DF01D2BE057E}"
EndProject
Project("{9A19103F-16F7-4668-BE54-9A1E7A4F7556}") = "2", "2\2.csproj", "{F3C0EF89-DF01-407C-A17B-395B7C930A15}"
EndProject
Project("{9A19103F-16F7-4668-BE54-9A1E7A4F7556}") = "3", "3\3.csproj", "{C9B904F9-2AD7-4EE9-9137-13764D53C40D}"
EndProject
Project("{9A19103F-16F7-4668-BE54-9A1E7A4F7556}") = "rememberWhereYouStarted", "rememberWhereYouStarted\rememberWhereYouStarted.csproj", "{B0817E32-231A-4ADC-962A-E75DD115F8CC}"
EndProject
Project("{9A19103F-16F7-4668-BE54-9A1E7A4F7556}") = "01ComputerStore", "01ComputerStore\01ComputerStore.csproj", "{9CC64685-F892-4E9D-9E84-CE641DF102D3}"
EndProject
Project("{9A19103F-16F7-4668-BE54-9A1E7A4F7556}") = "01MidEXam_TheLift", "01MidEXam_TheLift\01MidEXam_TheLift.csproj", "{F3AE1EEB-4817-49F1-ADC4-8C1754F34C41}"
EndProject
Project("{9A19103F-16F7-4668-BE54-9A1E7A4F7556}") = "01MidExam_Changes", "01MidExam_Changes\01MidExam_Changes.csproj", "{5DED760F-EB37-4F73-9E82-A7DA616753A5}"
EndProject
Project("{9A19103F-16F7-4668-BE54-9A1E7A4F7556}") = "string01", "string01\string01.csproj", "{01CE73C1-E75E-49F2-B329-43943FFFFB98}"
EndProject
Project("{9A19103F-16F7-4668-BE54-9A1E7A4F7556}") = "string02", "string02\string02.csproj", "{BE1649CE-BC31-4A07-A7A5-FD69F55E2CE0}"
EndProject
Project("{9A19103F-16F7-4668-BE54-9A1E7A4F7556}") = "string03", "string03\string03.csproj", "{5EEC595F-FE15-4569-92E7-A917A42BF6E1}"
EndProject
Project("{9A19103F-16F7-4668-BE54-9A1E7A4F7556}") = "01DataTypes", "01DataTypes\01DataTypes.csproj", "{1ACE3A23-1CC9-4F47-B59F-4C5C8424DE8D}"
EndProject
Project("{9A19103F-16F7-4668-BE54-9A1E7A4F7556}") = "02CenterType", "02CenterType\02CenterType.csproj", "{C8C351CB-9980-45D1-AB81-9E3236E0AECD}"
EndProject
Project("{9A19103F-16F7-4668-BE54-9A1E7A4F7556}") = "NegativeArraysElements", "NegativeArraysElements\NegativeArraysElements.csproj", "{4C1BEE9D-2001-4754-AEA1-8E18890743C7}"
EndProject
Project("{9A19103F-16F7-4668-BE54-9A1E7A4F7556}") = "arraysSum", "arraysSum\arraysSum.csproj", "{ED103749-E147-451D-B148-74E106BDC669}"
EndProject
Project("{9A19103F-16F7-4668-BE54-9A1E7A4F7556}") = "arrayCountNEgatives", "arrayCountNEgatives\arrayCountNEgatives.csproj", "{4C2250EF-B6F6-4BCE-B4F3-F170DA959BF0}"
EndProject
Project("{9A19103F-16F7-4668-BE54-9A1E7A4F7556}") = "array04", "array04\array04.csproj", "{95D1B820-ED3D-48A8-BF88-2CF4BA0116AB}"
EndProject
Project("{9A19103F-16F7-4668-BE54-9A1E7A4F7556}") = "array05", "array05\array05.csproj", "{05511322-103C-4BA5-BC59-3CC4590E9F05}"
EndProject
Project("{9A19103F-16F7-4668-BE54-9A1E7A4F7556}") = "array06", "array06\array06.csproj", "{40B11CF8-734C-48B1-A69C-B4A733F1E840}"
EndProject
Project("{9A19103F-16F7-4668-BE54-9A1E7A4F7556}") = "array07", "array07\array07.csproj", "{FA6E9FB7-2E33-4EAB-B62E-FEB4D2FB19A0}"
EndProject
Project("{9A19103F-16F7-4668-BE54-9A1E7A4F7556}") = "array08", "array08\array08.csproj", "{3F38D447-C492-414E-815E-B792377E3583}"
EndProject
Project("{9A19103F-16F7-4668-BE54-9A1E7A4F7556}") = "array09", "array09\array09.csproj", "{8FA0ADF6-67AB-4D19-90B2-E0D6061A1CCB}"
EndProject
Project("{9A19103F-16F7-4668-BE54-9A1E7A4F7556}") = "array10", "array10\array10.csproj", "{69177945-4CB3-41CE-B746-BB0FFC54C3D7}"
EndProject
Project("{9A19103F-16F7-4668-BE54-9A1E7A4F7556}") = "array11", "array11\array11.csproj", "{278B5522-134A-4ADF-B2FA-60D804D93AA3}"
EndProject
Project("{9A19103F-16F7-4668-BE54-9A1E7A4F7556}") = "array12", "array12\array12.csproj", "{C08DCD7F-3765-4002-A091-E1867279FB98}"
EndProject
Project("{9A19103F-16F7-4668-BE54-9A1E7A4F7556}") = "array13", "array13\array13.csproj", "{B7AEA507-5AA6-4EA4-9B7B-C449A5F6B854}"
EndProject
Project("{9A19103F-16F7-4668-BE54-9A1E7A4F7556}") = "array14", "array14\array14.csproj", "{328F5DB1-B53B-43BB-A0C1-060848DCCD3E}"
EndProject
Project("{9A19103F-16F7-4668-BE54-9A1E7A4F7556}") = "array15", "array15\array15.csproj", "{9D67BAF8-94E3-48FD-8995-879CC8091312}"
EndProject
Project("{9A19103F-16F7-4668-BE54-9A1E7A4F7556}") = "array16", "array16\array16.csproj", "{29C0BDC8-33F8-4CB4-B361-9349060FFAFC}"
EndProject
Project("{9A19103F-16F7-4668-BE54-9A1E7A4F7556}") = "array17", "array17\array17.csproj", "{0C4B1134-5F88-4C51-825E-301A5A9B3793}"
EndProject
Project("{9A19103F-16F7-4668-BE54-9A1E7A4F7556}") = "lists01", "lists01\lists01.csproj", "{4B7E757D-AA05-4205-A8C4-5BAF51FA0435}"
EndProject
Project("{9A19103F-16F7-4668-BE54-9A1E7A4F7556}") = "Lists02", "Lists02\Lists02.csproj", "{85C8CF44-A0C4-4794-8DCE-7A668FF65FED}"
EndProject
Project("{9A19103F-16F7-4668-BE54-9A1E7A4F7556}") = "Lists03", "Lists03\Lists03.csproj", "{EB10BC9A-6C53-4D46-9061-AFB00F8C3030}"
EndProject
Project("{9A19103F-16F7-4668-BE54-9A1E7A4F7556}") = "Lists04", "Lists04\Lists04.csproj", "{5CE426BF-C7AD-47EE-98EE-78857B37A403}"
EndProject
Project("{9A19103F-16F7-4668-BE54-9A1E7A4F7556}") = "AssociativeArray01", "AssociativeArray01\AssociativeArray01.csproj", "{BAF2EF28-C7EE-49F6-A73B-24C4B0ED1F48}"
EndProject
Project("{9A19103F-16F7-4668-BE54-9A1E7A4F7556}") = "AssociativeArray02", "AssociativeArray02\AssociativeArray02.csproj", "{92892A3A-D90E-4786-9AF1-B8EEFB04F298}"
EndProject
Project("{9A19103F-16F7-4668-BE54-9A1E7A4F7556}") = "AssociativeArrays03", "AssociativeArrays03\AssociativeArrays03.csproj", "{2341A22A-EF82-43D2-A919-7ED08A33FFCA}"
EndProject
Project("{9A19103F-16F7-4668-BE54-9A1E7A4F7556}") = "AssociativeArray04", "AssociativeArray04\AssociativeArray04.csproj", "{C7823904-B666-4BAA-9CBC-E4A09D104B90}"
EndProject
Project("{9A19103F-16F7-4668-BE54-9A1E7A4F7556}") = "AssociativeArray05", "AssociativeArray05\AssociativeArray05.csproj", "{C8C1472C-A0CB-4204-8276-26793C9389CE}"
EndProject
Project("{FAE04EC0-301F-11D3-BF4B-00C04F79EFBC}") = "LastPrep01", "LastPrep01\LastPrep01.csproj", "{3D96F4D2-5E99-4ADB-B5BA-2DC4880F4F23}"
EndProject
Global
	GlobalSection(SolutionConfigurationPlatforms) = preSolution
		Debug|Any CPU = Debug|Any CPU
		Release|Any CPU = Release|Any CPU
	EndGlobalSection
	GlobalSection(ProjectConfigurationPlatforms) = postSolution
		{AA958DEC-28E3-46E6-B539-ED9929A1B6A2}.Debug|Any CPU.ActiveCfg = Debug|Any CPU
		{AA958DEC-28E3-46E6-B539-ED9929A1B6A2}.Debug|Any CPU.Build.0 = Debug|Any CPU
		{AA958DEC-28E3-46E6-B539-ED9929A1B6A2}.Release|Any CPU.ActiveCfg = Release|Any CPU
		{AA958DEC-28E3-46E6-B539-ED9929A1B6A2}.Release|Any CPU.Build.0 = Release|Any CPU
		{A910B149-912F-4EB4-B9E2-60C163819373}.Debug|Any CPU.ActiveCfg = Debug|Any CPU
		{A910B149-912F-4EB4-B9E2-60C163819373}.Debug|Any CPU.Build.0 = Debug|Any CPU
		{A910B149-912F-4EB4-B9E2-60C163819373}.Release|Any CPU.ActiveCfg = Release|Any CPU
		{A910B149-912F-4EB4-B9E2-60C163819373}.Release|Any CPU.Build.0 = Release|Any CPU
		{613CAC40-725B-4058-98AB-66583EBA747D}.Debug|Any CPU.ActiveCfg = Debug|Any CPU
		{613CAC40-725B-4058-98AB-66583EBA747D}.Debug|Any CPU.Build.0 = Debug|Any CPU
		{613CAC40-725B-4058-98AB-66583EBA747D}.Release|Any CPU.ActiveCfg = Release|Any CPU
		{613CAC40-725B-4058-98AB-66583EBA747D}.Release|Any CPU.Build.0 = Release|Any CPU
		{EA76EE35-02CD-4183-8F62-AA226792FAA3}.Debug|Any CPU.ActiveCfg = Debug|Any CPU
		{EA76EE35-02CD-4183-8F62-AA226792FAA3}.Debug|Any CPU.Build.0 = Debug|Any CPU
		{EA76EE35-02CD-4183-8F62-AA226792FAA3}.Release|Any CPU.ActiveCfg = Release|Any CPU
		{EA76EE35-02CD-4183-8F62-AA226792FAA3}.Release|Any CPU.Build.0 = Release|Any CPU
		{C28D1A18-C9A9-4275-A2EB-65104F0FFF9B}.Debug|Any CPU.ActiveCfg = Debug|Any CPU
		{C28D1A18-C9A9-4275-A2EB-65104F0FFF9B}.Debug|Any CPU.Build.0 = Debug|Any CPU
		{C28D1A18-C9A9-4275-A2EB-65104F0FFF9B}.Release|Any CPU.ActiveCfg = Release|Any CPU
		{C28D1A18-C9A9-4275-A2EB-65104F0FFF9B}.Release|Any CPU.Build.0 = Release|Any CPU
		{F80508BE-4993-45CB-AC32-7E6E30C84855}.Debug|Any CPU.ActiveCfg = Debug|Any CPU
		{F80508BE-4993-45CB-AC32-7E6E30C84855}.Debug|Any CPU.Build.0 = Debug|Any CPU
		{F80508BE-4993-45CB-AC32-7E6E30C84855}.Release|Any CPU.ActiveCfg = Release|Any CPU
		{F80508BE-4993-45CB-AC32-7E6E30C84855}.Release|Any CPU.Build.0 = Release|Any CPU
		{D51E5B76-0F5A-40C1-8A7E-7EF8928F84C0}.Debug|Any CPU.ActiveCfg = Debug|Any CPU
		{D51E5B76-0F5A-40C1-8A7E-7EF8928F84C0}.Debug|Any CPU.Build.0 = Debug|Any CPU
		{D51E5B76-0F5A-40C1-8A7E-7EF8928F84C0}.Release|Any CPU.ActiveCfg = Release|Any CPU
		{D51E5B76-0F5A-40C1-8A7E-7EF8928F84C0}.Release|Any CPU.Build.0 = Release|Any CPU
		{643BBD39-6124-484D-8061-F52BC8E2CC1C}.Debug|Any CPU.ActiveCfg = Debug|Any CPU
		{643BBD39-6124-484D-8061-F52BC8E2CC1C}.Debug|Any CPU.Build.0 = Debug|Any CPU
		{643BBD39-6124-484D-8061-F52BC8E2CC1C}.Release|Any CPU.ActiveCfg = Release|Any CPU
		{643BBD39-6124-484D-8061-F52BC8E2CC1C}.Release|Any CPU.Build.0 = Release|Any CPU
		{B1674865-7138-4D62-8998-BCDAFC75B854}.Debug|Any CPU.ActiveCfg = Debug|Any CPU
		{B1674865-7138-4D62-8998-BCDAFC75B854}.Debug|Any CPU.Build.0 = Debug|Any CPU
		{B1674865-7138-4D62-8998-BCDAFC75B854}.Release|Any CPU.ActiveCfg = Release|Any CPU
		{B1674865-7138-4D62-8998-BCDAFC75B854}.Release|Any CPU.Build.0 = Release|Any CPU
		{F119DF3C-868E-4B6C-B51D-B5C607B934F5}.Debug|Any CPU.ActiveCfg = Debug|Any CPU
		{F119DF3C-868E-4B6C-B51D-B5C607B934F5}.Debug|Any CPU.Build.0 = Debug|Any CPU
		{F119DF3C-868E-4B6C-B51D-B5C607B934F5}.Release|Any CPU.ActiveCfg = Release|Any CPU
		{F119DF3C-868E-4B6C-B51D-B5C607B934F5}.Release|Any CPU.Build.0 = Release|Any CPU
		{0130A148-AD81-423E-A9B9-44E66964CC80}.Debug|Any CPU.ActiveCfg = Debug|Any CPU
		{0130A148-AD81-423E-A9B9-44E66964CC80}.Debug|Any CPU.Build.0 = Debug|Any CPU
		{0130A148-AD81-423E-A9B9-44E66964CC80}.Release|Any CPU.ActiveCfg = Release|Any CPU
		{0130A148-AD81-423E-A9B9-44E66964CC80}.Release|Any CPU.Build.0 = Release|Any CPU
		{BBB2EBF6-7ABC-4222-9CB0-2A85E276E242}.Debug|Any CPU.ActiveCfg = Debug|Any CPU
		{BBB2EBF6-7ABC-4222-9CB0-2A85E276E242}.Debug|Any CPU.Build.0 = Debug|Any CPU
		{BBB2EBF6-7ABC-4222-9CB0-2A85E276E242}.Release|Any CPU.ActiveCfg = Release|Any CPU
		{BBB2EBF6-7ABC-4222-9CB0-2A85E276E242}.Release|Any CPU.Build.0 = Release|Any CPU
		{997188DF-AB15-48DC-B2F7-5AB39133A044}.Debug|Any CPU.ActiveCfg = Debug|Any CPU
		{997188DF-AB15-48DC-B2F7-5AB39133A044}.Debug|Any CPU.Build.0 = Debug|Any CPU
		{997188DF-AB15-48DC-B2F7-5AB39133A044}.Release|Any CPU.ActiveCfg = Release|Any CPU
		{997188DF-AB15-48DC-B2F7-5AB39133A044}.Release|Any CPU.Build.0 = Release|Any CPU
		{BF4C44DE-1879-47FE-99B5-E1971CEE5BC1}.Debug|Any CPU.ActiveCfg = Debug|Any CPU
		{BF4C44DE-1879-47FE-99B5-E1971CEE5BC1}.Debug|Any CPU.Build.0 = Debug|Any CPU
		{BF4C44DE-1879-47FE-99B5-E1971CEE5BC1}.Release|Any CPU.ActiveCfg = Release|Any CPU
		{BF4C44DE-1879-47FE-99B5-E1971CEE5BC1}.Release|Any CPU.Build.0 = Release|Any CPU
		{85A5A9C4-3B8B-4E6F-8A2B-08DA48ECFA0F}.Debug|Any CPU.ActiveCfg = Debug|Any CPU
		{85A5A9C4-3B8B-4E6F-8A2B-08DA48ECFA0F}.Debug|Any CPU.Build.0 = Debug|Any CPU
		{85A5A9C4-3B8B-4E6F-8A2B-08DA48ECFA0F}.Release|Any CPU.ActiveCfg = Release|Any CPU
		{85A5A9C4-3B8B-4E6F-8A2B-08DA48ECFA0F}.Release|Any CPU.Build.0 = Release|Any CPU
		{0FF16981-5620-4247-8846-AEE0DCA1938E}.Debug|Any CPU.ActiveCfg = Debug|Any CPU
		{0FF16981-5620-4247-8846-AEE0DCA1938E}.Debug|Any CPU.Build.0 = Debug|Any CPU
		{0FF16981-5620-4247-8846-AEE0DCA1938E}.Release|Any CPU.ActiveCfg = Release|Any CPU
		{0FF16981-5620-4247-8846-AEE0DCA1938E}.Release|Any CPU.Build.0 = Release|Any CPU
		{0E5E8A28-3DD5-4AE0-8AB7-86AC7E661C4E}.Debug|Any CPU.ActiveCfg = Debug|Any CPU
		{0E5E8A28-3DD5-4AE0-8AB7-86AC7E661C4E}.Debug|Any CPU.Build.0 = Debug|Any CPU
		{0E5E8A28-3DD5-4AE0-8AB7-86AC7E661C4E}.Release|Any CPU.ActiveCfg = Release|Any CPU
		{0E5E8A28-3DD5-4AE0-8AB7-86AC7E661C4E}.Release|Any CPU.Build.0 = Release|Any CPU
		{13A1FC13-0B1D-4C38-A859-AEFAED361A34}.Debug|Any CPU.ActiveCfg = Debug|Any CPU
		{13A1FC13-0B1D-4C38-A859-AEFAED361A34}.Debug|Any CPU.Build.0 = Debug|Any CPU
		{13A1FC13-0B1D-4C38-A859-AEFAED361A34}.Release|Any CPU.ActiveCfg = Release|Any CPU
		{13A1FC13-0B1D-4C38-A859-AEFAED361A34}.Release|Any CPU.Build.0 = Release|Any CPU
		{8D128078-8395-46CE-B254-F0153A072DEB}.Debug|Any CPU.ActiveCfg = Debug|Any CPU
		{8D128078-8395-46CE-B254-F0153A072DEB}.Debug|Any CPU.Build.0 = Debug|Any CPU
		{8D128078-8395-46CE-B254-F0153A072DEB}.Release|Any CPU.ActiveCfg = Release|Any CPU
		{8D128078-8395-46CE-B254-F0153A072DEB}.Release|Any CPU.Build.0 = Release|Any CPU
		{573AF366-340E-41B9-BD84-0BD4DBF2ABA8}.Debug|Any CPU.ActiveCfg = Debug|Any CPU
		{573AF366-340E-41B9-BD84-0BD4DBF2ABA8}.Debug|Any CPU.Build.0 = Debug|Any CPU
		{573AF366-340E-41B9-BD84-0BD4DBF2ABA8}.Release|Any CPU.ActiveCfg = Release|Any CPU
		{573AF366-340E-41B9-BD84-0BD4DBF2ABA8}.Release|Any CPU.Build.0 = Release|Any CPU
		{A63D158B-E07C-4FFB-9A31-D8BB6453B368}.Debug|Any CPU.ActiveCfg = Debug|Any CPU
		{A63D158B-E07C-4FFB-9A31-D8BB6453B368}.Debug|Any CPU.Build.0 = Debug|Any CPU
		{A63D158B-E07C-4FFB-9A31-D8BB6453B368}.Release|Any CPU.ActiveCfg = Release|Any CPU
		{A63D158B-E07C-4FFB-9A31-D8BB6453B368}.Release|Any CPU.Build.0 = Release|Any CPU
		{81F0F550-0168-4127-942E-1318CABA72E7}.Debug|Any CPU.ActiveCfg = Debug|Any CPU
		{81F0F550-0168-4127-942E-1318CABA72E7}.Debug|Any CPU.Build.0 = Debug|Any CPU
		{81F0F550-0168-4127-942E-1318CABA72E7}.Release|Any CPU.ActiveCfg = Release|Any CPU
		{81F0F550-0168-4127-942E-1318CABA72E7}.Release|Any CPU.Build.0 = Release|Any CPU
		{65FCB06E-D4DB-4F9F-92A6-FFE5EAC3B832}.Debug|Any CPU.ActiveCfg = Debug|Any CPU
		{65FCB06E-D4DB-4F9F-92A6-FFE5EAC3B832}.Debug|Any CPU.Build.0 = Debug|Any CPU
		{65FCB06E-D4DB-4F9F-92A6-FFE5EAC3B832}.Release|Any CPU.ActiveCfg = Release|Any CPU
		{65FCB06E-D4DB-4F9F-92A6-FFE5EAC3B832}.Release|Any CPU.Build.0 = Release|Any CPU
		{EC83443C-F6F5-4280-83F4-CCD066431751}.Debug|Any CPU.ActiveCfg = Debug|Any CPU
		{EC83443C-F6F5-4280-83F4-CCD066431751}.Debug|Any CPU.Build.0 = Debug|Any CPU
		{EC83443C-F6F5-4280-83F4-CCD066431751}.Release|Any CPU.ActiveCfg = Release|Any CPU
		{EC83443C-F6F5-4280-83F4-CCD066431751}.Release|Any CPU.Build.0 = Release|Any CPU
		{A7226FD0-2F48-4283-9722-03712E2974FF}.Debug|Any CPU.ActiveCfg = Debug|Any CPU
		{A7226FD0-2F48-4283-9722-03712E2974FF}.Debug|Any CPU.Build.0 = Debug|Any CPU
		{A7226FD0-2F48-4283-9722-03712E2974FF}.Release|Any CPU.ActiveCfg = Release|Any CPU
		{A7226FD0-2F48-4283-9722-03712E2974FF}.Release|Any CPU.Build.0 = Release|Any CPU
		{2430ACBB-8B17-43DF-9198-3953058D90F9}.Debug|Any CPU.ActiveCfg = Debug|Any CPU
		{2430ACBB-8B17-43DF-9198-3953058D90F9}.Debug|Any CPU.Build.0 = Debug|Any CPU
		{2430ACBB-8B17-43DF-9198-3953058D90F9}.Release|Any CPU.ActiveCfg = Release|Any CPU
		{2430ACBB-8B17-43DF-9198-3953058D90F9}.Release|Any CPU.Build.0 = Release|Any CPU
		{F67C6985-AC32-4539-B31D-0FCE32286783}.Debug|Any CPU.ActiveCfg = Debug|Any CPU
		{F67C6985-AC32-4539-B31D-0FCE32286783}.Debug|Any CPU.Build.0 = Debug|Any CPU
		{F67C6985-AC32-4539-B31D-0FCE32286783}.Release|Any CPU.ActiveCfg = Release|Any CPU
		{F67C6985-AC32-4539-B31D-0FCE32286783}.Release|Any CPU.Build.0 = Release|Any CPU
		{685A02FD-180E-4531-85DF-9735B509283C}.Debug|Any CPU.ActiveCfg = Debug|Any CPU
		{685A02FD-180E-4531-85DF-9735B509283C}.Debug|Any CPU.Build.0 = Debug|Any CPU
		{685A02FD-180E-4531-85DF-9735B509283C}.Release|Any CPU.ActiveCfg = Release|Any CPU
		{685A02FD-180E-4531-85DF-9735B509283C}.Release|Any CPU.Build.0 = Release|Any CPU
		{7AFE232B-EB2A-4080-9928-64B26ADF9132}.Debug|Any CPU.ActiveCfg = Debug|Any CPU
		{7AFE232B-EB2A-4080-9928-64B26ADF9132}.Debug|Any CPU.Build.0 = Debug|Any CPU
		{7AFE232B-EB2A-4080-9928-64B26ADF9132}.Release|Any CPU.ActiveCfg = Release|Any CPU
		{7AFE232B-EB2A-4080-9928-64B26ADF9132}.Release|Any CPU.Build.0 = Release|Any CPU
		{8CC19151-0BAE-448B-98E3-15BB3420ED8A}.Debug|Any CPU.ActiveCfg = Debug|Any CPU
		{8CC19151-0BAE-448B-98E3-15BB3420ED8A}.Debug|Any CPU.Build.0 = Debug|Any CPU
		{8CC19151-0BAE-448B-98E3-15BB3420ED8A}.Release|Any CPU.ActiveCfg = Release|Any CPU
		{8CC19151-0BAE-448B-98E3-15BB3420ED8A}.Release|Any CPU.Build.0 = Release|Any CPU
		{FF977BC7-1F5A-4641-8CD6-D7A26E2E4367}.Debug|Any CPU.ActiveCfg = Debug|Any CPU
		{FF977BC7-1F5A-4641-8CD6-D7A26E2E4367}.Debug|Any CPU.Build.0 = Debug|Any CPU
		{FF977BC7-1F5A-4641-8CD6-D7A26E2E4367}.Release|Any CPU.ActiveCfg = Release|Any CPU
		{FF977BC7-1F5A-4641-8CD6-D7A26E2E4367}.Release|Any CPU.Build.0 = Release|Any CPU
		{57F992FD-B16C-4F18-A946-848C7998D800}.Debug|Any CPU.ActiveCfg = Debug|Any CPU
		{57F992FD-B16C-4F18-A946-848C7998D800}.Debug|Any CPU.Build.0 = Debug|Any CPU
		{57F992FD-B16C-4F18-A946-848C7998D800}.Release|Any CPU.ActiveCfg = Release|Any CPU
		{57F992FD-B16C-4F18-A946-848C7998D800}.Release|Any CPU.Build.0 = Release|Any CPU
		{2B73AB51-3A02-4710-9661-66649FF68063}.Debug|Any CPU.ActiveCfg = Debug|Any CPU
		{2B73AB51-3A02-4710-9661-66649FF68063}.Debug|Any CPU.Build.0 = Debug|Any CPU
		{2B73AB51-3A02-4710-9661-66649FF68063}.Release|Any CPU.ActiveCfg = Release|Any CPU
		{2B73AB51-3A02-4710-9661-66649FF68063}.Release|Any CPU.Build.0 = Release|Any CPU
		{6C6A5544-EB28-43D1-82FD-53EB7D047552}.Debug|Any CPU.ActiveCfg = Debug|Any CPU
		{6C6A5544-EB28-43D1-82FD-53EB7D047552}.Debug|Any CPU.Build.0 = Debug|Any CPU
		{6C6A5544-EB28-43D1-82FD-53EB7D047552}.Release|Any CPU.ActiveCfg = Release|Any CPU
		{6C6A5544-EB28-43D1-82FD-53EB7D047552}.Release|Any CPU.Build.0 = Release|Any CPU
		{95CB939B-55B9-4655-AFBE-A305ACBBEDE6}.Debug|Any CPU.ActiveCfg = Debug|Any CPU
		{95CB939B-55B9-4655-AFBE-A305ACBBEDE6}.Debug|Any CPU.Build.0 = Debug|Any CPU
		{95CB939B-55B9-4655-AFBE-A305ACBBEDE6}.Release|Any CPU.ActiveCfg = Release|Any CPU
		{95CB939B-55B9-4655-AFBE-A305ACBBEDE6}.Release|Any CPU.Build.0 = Release|Any CPU
		{27211A8F-B8BF-4C26-B04F-122A52536CA6}.Debug|Any CPU.ActiveCfg = Debug|Any CPU
		{27211A8F-B8BF-4C26-B04F-122A52536CA6}.Debug|Any CPU.Build.0 = Debug|Any CPU
		{27211A8F-B8BF-4C26-B04F-122A52536CA6}.Release|Any CPU.ActiveCfg = Release|Any CPU
		{27211A8F-B8BF-4C26-B04F-122A52536CA6}.Release|Any CPU.Build.0 = Release|Any CPU
		{52349565-42E8-4541-9A77-2CFCCAF89277}.Debug|Any CPU.ActiveCfg = Debug|Any CPU
		{52349565-42E8-4541-9A77-2CFCCAF89277}.Debug|Any CPU.Build.0 = Debug|Any CPU
		{52349565-42E8-4541-9A77-2CFCCAF89277}.Release|Any CPU.ActiveCfg = Release|Any CPU
		{52349565-42E8-4541-9A77-2CFCCAF89277}.Release|Any CPU.Build.0 = Release|Any CPU
		{39E68143-9292-418C-8053-1B928C332863}.Debug|Any CPU.ActiveCfg = Debug|Any CPU
		{39E68143-9292-418C-8053-1B928C332863}.Debug|Any CPU.Build.0 = Debug|Any CPU
		{39E68143-9292-418C-8053-1B928C332863}.Release|Any CPU.ActiveCfg = Release|Any CPU
		{39E68143-9292-418C-8053-1B928C332863}.Release|Any CPU.Build.0 = Release|Any CPU
		{FD1D43C8-369A-4A1B-8B34-ABCD409641E3}.Debug|Any CPU.ActiveCfg = Debug|Any CPU
		{FD1D43C8-369A-4A1B-8B34-ABCD409641E3}.Debug|Any CPU.Build.0 = Debug|Any CPU
		{FD1D43C8-369A-4A1B-8B34-ABCD409641E3}.Release|Any CPU.ActiveCfg = Release|Any CPU
		{FD1D43C8-369A-4A1B-8B34-ABCD409641E3}.Release|Any CPU.Build.0 = Release|Any CPU
		{42439535-9547-484D-BD47-F94393D0BA00}.Debug|Any CPU.ActiveCfg = Debug|Any CPU
		{42439535-9547-484D-BD47-F94393D0BA00}.Debug|Any CPU.Build.0 = Debug|Any CPU
		{42439535-9547-484D-BD47-F94393D0BA00}.Release|Any CPU.ActiveCfg = Release|Any CPU
		{42439535-9547-484D-BD47-F94393D0BA00}.Release|Any CPU.Build.0 = Release|Any CPU
		{B0B6B7D4-3443-45E9-A512-ABF5400D7DCE}.Debug|Any CPU.ActiveCfg = Debug|Any CPU
		{B0B6B7D4-3443-45E9-A512-ABF5400D7DCE}.Debug|Any CPU.Build.0 = Debug|Any CPU
		{B0B6B7D4-3443-45E9-A512-ABF5400D7DCE}.Release|Any CPU.ActiveCfg = Release|Any CPU
		{B0B6B7D4-3443-45E9-A512-ABF5400D7DCE}.Release|Any CPU.Build.0 = Release|Any CPU
		{438E8D03-78BA-4628-95A6-0ACE8751B8BB}.Debug|Any CPU.ActiveCfg = Debug|Any CPU
		{438E8D03-78BA-4628-95A6-0ACE8751B8BB}.Debug|Any CPU.Build.0 = Debug|Any CPU
		{438E8D03-78BA-4628-95A6-0ACE8751B8BB}.Release|Any CPU.ActiveCfg = Release|Any CPU
		{438E8D03-78BA-4628-95A6-0ACE8751B8BB}.Release|Any CPU.Build.0 = Release|Any CPU
		{BD52B8CA-83F8-46AF-B28B-4CD906474985}.Debug|Any CPU.ActiveCfg = Debug|Any CPU
		{BD52B8CA-83F8-46AF-B28B-4CD906474985}.Debug|Any CPU.Build.0 = Debug|Any CPU
		{BD52B8CA-83F8-46AF-B28B-4CD906474985}.Release|Any CPU.ActiveCfg = Release|Any CPU
		{BD52B8CA-83F8-46AF-B28B-4CD906474985}.Release|Any CPU.Build.0 = Release|Any CPU
		{8476C4B2-157F-4513-BA97-AEE20E1F9E7F}.Debug|Any CPU.ActiveCfg = Debug|Any CPU
		{8476C4B2-157F-4513-BA97-AEE20E1F9E7F}.Debug|Any CPU.Build.0 = Debug|Any CPU
		{8476C4B2-157F-4513-BA97-AEE20E1F9E7F}.Release|Any CPU.ActiveCfg = Release|Any CPU
		{8476C4B2-157F-4513-BA97-AEE20E1F9E7F}.Release|Any CPU.Build.0 = Release|Any CPU
		{39777B07-8548-47C0-BF35-1A47DAAD7938}.Debug|Any CPU.ActiveCfg = Debug|Any CPU
		{39777B07-8548-47C0-BF35-1A47DAAD7938}.Debug|Any CPU.Build.0 = Debug|Any CPU
		{39777B07-8548-47C0-BF35-1A47DAAD7938}.Release|Any CPU.ActiveCfg = Release|Any CPU
		{39777B07-8548-47C0-BF35-1A47DAAD7938}.Release|Any CPU.Build.0 = Release|Any CPU
		{F81B9623-63CD-4F54-95CC-8570A50D2574}.Debug|Any CPU.ActiveCfg = Debug|Any CPU
		{F81B9623-63CD-4F54-95CC-8570A50D2574}.Debug|Any CPU.Build.0 = Debug|Any CPU
		{F81B9623-63CD-4F54-95CC-8570A50D2574}.Release|Any CPU.ActiveCfg = Release|Any CPU
		{F81B9623-63CD-4F54-95CC-8570A50D2574}.Release|Any CPU.Build.0 = Release|Any CPU
		{0B8F3BD4-8489-4069-90EA-07AEFACB3A51}.Debug|Any CPU.ActiveCfg = Debug|Any CPU
		{0B8F3BD4-8489-4069-90EA-07AEFACB3A51}.Debug|Any CPU.Build.0 = Debug|Any CPU
		{0B8F3BD4-8489-4069-90EA-07AEFACB3A51}.Release|Any CPU.ActiveCfg = Release|Any CPU
		{0B8F3BD4-8489-4069-90EA-07AEFACB3A51}.Release|Any CPU.Build.0 = Release|Any CPU
		{5F1EB6CB-E1D2-4790-AEAC-31F4FB3AB072}.Debug|Any CPU.ActiveCfg = Debug|Any CPU
		{5F1EB6CB-E1D2-4790-AEAC-31F4FB3AB072}.Debug|Any CPU.Build.0 = Debug|Any CPU
		{5F1EB6CB-E1D2-4790-AEAC-31F4FB3AB072}.Release|Any CPU.ActiveCfg = Release|Any CPU
		{5F1EB6CB-E1D2-4790-AEAC-31F4FB3AB072}.Release|Any CPU.Build.0 = Release|Any CPU
		{DDDE110B-4790-42CD-843B-80C9531594D2}.Debug|Any CPU.ActiveCfg = Debug|Any CPU
		{DDDE110B-4790-42CD-843B-80C9531594D2}.Debug|Any CPU.Build.0 = Debug|Any CPU
		{DDDE110B-4790-42CD-843B-80C9531594D2}.Release|Any CPU.ActiveCfg = Release|Any CPU
		{DDDE110B-4790-42CD-843B-80C9531594D2}.Release|Any CPU.Build.0 = Release|Any CPU
		{2D9E135E-82C6-42E8-A761-FC601C7F9C90}.Debug|Any CPU.ActiveCfg = Debug|Any CPU
		{2D9E135E-82C6-42E8-A761-FC601C7F9C90}.Debug|Any CPU.Build.0 = Debug|Any CPU
		{2D9E135E-82C6-42E8-A761-FC601C7F9C90}.Release|Any CPU.ActiveCfg = Release|Any CPU
		{2D9E135E-82C6-42E8-A761-FC601C7F9C90}.Release|Any CPU.Build.0 = Release|Any CPU
		{35E91F1B-F233-40A2-B12B-EAFA9EB0D597}.Debug|Any CPU.ActiveCfg = Debug|Any CPU
		{35E91F1B-F233-40A2-B12B-EAFA9EB0D597}.Debug|Any CPU.Build.0 = Debug|Any CPU
		{35E91F1B-F233-40A2-B12B-EAFA9EB0D597}.Release|Any CPU.ActiveCfg = Release|Any CPU
		{35E91F1B-F233-40A2-B12B-EAFA9EB0D597}.Release|Any CPU.Build.0 = Release|Any CPU
		{50DDF2AC-C603-4286-B3CF-A007C21D9A4C}.Debug|Any CPU.ActiveCfg = Debug|Any CPU
		{50DDF2AC-C603-4286-B3CF-A007C21D9A4C}.Debug|Any CPU.Build.0 = Debug|Any CPU
		{50DDF2AC-C603-4286-B3CF-A007C21D9A4C}.Release|Any CPU.ActiveCfg = Release|Any CPU
		{50DDF2AC-C603-4286-B3CF-A007C21D9A4C}.Release|Any CPU.Build.0 = Release|Any CPU
		{0D7D7555-1C1F-4646-B9C9-2B3032EE79EF}.Debug|Any CPU.ActiveCfg = Debug|Any CPU
		{0D7D7555-1C1F-4646-B9C9-2B3032EE79EF}.Debug|Any CPU.Build.0 = Debug|Any CPU
		{0D7D7555-1C1F-4646-B9C9-2B3032EE79EF}.Release|Any CPU.ActiveCfg = Release|Any CPU
		{0D7D7555-1C1F-4646-B9C9-2B3032EE79EF}.Release|Any CPU.Build.0 = Release|Any CPU
		{53179D13-A560-4CBA-9173-86D007EBEB89}.Debug|Any CPU.ActiveCfg = Debug|Any CPU
		{53179D13-A560-4CBA-9173-86D007EBEB89}.Debug|Any CPU.Build.0 = Debug|Any CPU
		{53179D13-A560-4CBA-9173-86D007EBEB89}.Release|Any CPU.ActiveCfg = Release|Any CPU
		{53179D13-A560-4CBA-9173-86D007EBEB89}.Release|Any CPU.Build.0 = Release|Any CPU
		{5FF05982-F437-4253-801F-CCD457F291A4}.Debug|Any CPU.ActiveCfg = Debug|Any CPU
		{5FF05982-F437-4253-801F-CCD457F291A4}.Debug|Any CPU.Build.0 = Debug|Any CPU
		{5FF05982-F437-4253-801F-CCD457F291A4}.Release|Any CPU.ActiveCfg = Release|Any CPU
		{5FF05982-F437-4253-801F-CCD457F291A4}.Release|Any CPU.Build.0 = Release|Any CPU
		{0C3A9A07-207C-4EC3-9920-D0ADFE580357}.Debug|Any CPU.ActiveCfg = Debug|Any CPU
		{0C3A9A07-207C-4EC3-9920-D0ADFE580357}.Debug|Any CPU.Build.0 = Debug|Any CPU
		{0C3A9A07-207C-4EC3-9920-D0ADFE580357}.Release|Any CPU.ActiveCfg = Release|Any CPU
		{0C3A9A07-207C-4EC3-9920-D0ADFE580357}.Release|Any CPU.Build.0 = Release|Any CPU
		{8FF8519D-B3D1-4B49-9048-75EF9D8942E3}.Debug|Any CPU.ActiveCfg = Debug|Any CPU
		{8FF8519D-B3D1-4B49-9048-75EF9D8942E3}.Debug|Any CPU.Build.0 = Debug|Any CPU
		{8FF8519D-B3D1-4B49-9048-75EF9D8942E3}.Release|Any CPU.ActiveCfg = Release|Any CPU
		{8FF8519D-B3D1-4B49-9048-75EF9D8942E3}.Release|Any CPU.Build.0 = Release|Any CPU
		{78CA95AC-52F4-4040-A2D5-D725487D629A}.Debug|Any CPU.ActiveCfg = Debug|Any CPU
		{78CA95AC-52F4-4040-A2D5-D725487D629A}.Debug|Any CPU.Build.0 = Debug|Any CPU
		{78CA95AC-52F4-4040-A2D5-D725487D629A}.Release|Any CPU.ActiveCfg = Release|Any CPU
		{78CA95AC-52F4-4040-A2D5-D725487D629A}.Release|Any CPU.Build.0 = Release|Any CPU
		{9D4427CE-DCFC-4C80-BC90-3F97238A76CB}.Debug|Any CPU.ActiveCfg = Debug|Any CPU
		{9D4427CE-DCFC-4C80-BC90-3F97238A76CB}.Debug|Any CPU.Build.0 = Debug|Any CPU
		{9D4427CE-DCFC-4C80-BC90-3F97238A76CB}.Release|Any CPU.ActiveCfg = Release|Any CPU
		{9D4427CE-DCFC-4C80-BC90-3F97238A76CB}.Release|Any CPU.Build.0 = Release|Any CPU
		{3728AE65-FBA7-4428-B765-A1C04AB395EB}.Debug|Any CPU.ActiveCfg = Debug|Any CPU
		{3728AE65-FBA7-4428-B765-A1C04AB395EB}.Debug|Any CPU.Build.0 = Debug|Any CPU
		{3728AE65-FBA7-4428-B765-A1C04AB395EB}.Release|Any CPU.ActiveCfg = Release|Any CPU
		{3728AE65-FBA7-4428-B765-A1C04AB395EB}.Release|Any CPU.Build.0 = Release|Any CPU
		{FF738C5A-C822-4026-A274-6A1C48EAFD62}.Debug|Any CPU.ActiveCfg = Debug|Any CPU
		{FF738C5A-C822-4026-A274-6A1C48EAFD62}.Debug|Any CPU.Build.0 = Debug|Any CPU
		{FF738C5A-C822-4026-A274-6A1C48EAFD62}.Release|Any CPU.ActiveCfg = Release|Any CPU
		{FF738C5A-C822-4026-A274-6A1C48EAFD62}.Release|Any CPU.Build.0 = Release|Any CPU
		{E59E64C3-A266-4A36-909B-D0A45AD8AAB4}.Debug|Any CPU.ActiveCfg = Debug|Any CPU
		{E59E64C3-A266-4A36-909B-D0A45AD8AAB4}.Debug|Any CPU.Build.0 = Debug|Any CPU
		{E59E64C3-A266-4A36-909B-D0A45AD8AAB4}.Release|Any CPU.ActiveCfg = Release|Any CPU
		{E59E64C3-A266-4A36-909B-D0A45AD8AAB4}.Release|Any CPU.Build.0 = Release|Any CPU
		{E3E4AEBC-66F5-4988-AED1-E82D36160319}.Debug|Any CPU.ActiveCfg = Debug|Any CPU
		{E3E4AEBC-66F5-4988-AED1-E82D36160319}.Debug|Any CPU.Build.0 = Debug|Any CPU
		{E3E4AEBC-66F5-4988-AED1-E82D36160319}.Release|Any CPU.ActiveCfg = Release|Any CPU
		{E3E4AEBC-66F5-4988-AED1-E82D36160319}.Release|Any CPU.Build.0 = Release|Any CPU
		{89705BFD-B008-418E-BEA9-BFD3913251FB}.Debug|Any CPU.ActiveCfg = Debug|Any CPU
		{89705BFD-B008-418E-BEA9-BFD3913251FB}.Debug|Any CPU.Build.0 = Debug|Any CPU
		{89705BFD-B008-418E-BEA9-BFD3913251FB}.Release|Any CPU.ActiveCfg = Release|Any CPU
		{89705BFD-B008-418E-BEA9-BFD3913251FB}.Release|Any CPU.Build.0 = Release|Any CPU
		{3CACD151-5E75-4465-97EF-F270F6497E23}.Debug|Any CPU.ActiveCfg = Debug|Any CPU
		{3CACD151-5E75-4465-97EF-F270F6497E23}.Debug|Any CPU.Build.0 = Debug|Any CPU
		{3CACD151-5E75-4465-97EF-F270F6497E23}.Release|Any CPU.ActiveCfg = Release|Any CPU
		{3CACD151-5E75-4465-97EF-F270F6497E23}.Release|Any CPU.Build.0 = Release|Any CPU
		{90F0DD79-D662-428E-9BAE-F78211D09D9F}.Debug|Any CPU.ActiveCfg = Debug|Any CPU
		{90F0DD79-D662-428E-9BAE-F78211D09D9F}.Debug|Any CPU.Build.0 = Debug|Any CPU
		{90F0DD79-D662-428E-9BAE-F78211D09D9F}.Release|Any CPU.ActiveCfg = Release|Any CPU
		{90F0DD79-D662-428E-9BAE-F78211D09D9F}.Release|Any CPU.Build.0 = Release|Any CPU
		{87E83BA9-F227-4CFA-91F1-EA6F40F7A041}.Debug|Any CPU.ActiveCfg = Debug|Any CPU
		{87E83BA9-F227-4CFA-91F1-EA6F40F7A041}.Debug|Any CPU.Build.0 = Debug|Any CPU
		{87E83BA9-F227-4CFA-91F1-EA6F40F7A041}.Release|Any CPU.ActiveCfg = Release|Any CPU
		{87E83BA9-F227-4CFA-91F1-EA6F40F7A041}.Release|Any CPU.Build.0 = Release|Any CPU
		{7C953A9A-F65F-4828-98D4-DDC22D7E8AD7}.Debug|Any CPU.ActiveCfg = Debug|Any CPU
		{7C953A9A-F65F-4828-98D4-DDC22D7E8AD7}.Debug|Any CPU.Build.0 = Debug|Any CPU
		{7C953A9A-F65F-4828-98D4-DDC22D7E8AD7}.Release|Any CPU.ActiveCfg = Release|Any CPU
		{7C953A9A-F65F-4828-98D4-DDC22D7E8AD7}.Release|Any CPU.Build.0 = Release|Any CPU
		{B503E587-28CD-4038-93B8-A0D638F5BF3F}.Debug|Any CPU.ActiveCfg = Debug|Any CPU
		{B503E587-28CD-4038-93B8-A0D638F5BF3F}.Debug|Any CPU.Build.0 = Debug|Any CPU
		{B503E587-28CD-4038-93B8-A0D638F5BF3F}.Release|Any CPU.ActiveCfg = Release|Any CPU
		{B503E587-28CD-4038-93B8-A0D638F5BF3F}.Release|Any CPU.Build.0 = Release|Any CPU
		{D5140887-91C2-44D4-9E30-FC3D65881B87}.Debug|Any CPU.ActiveCfg = Debug|Any CPU
		{D5140887-91C2-44D4-9E30-FC3D65881B87}.Debug|Any CPU.Build.0 = Debug|Any CPU
		{D5140887-91C2-44D4-9E30-FC3D65881B87}.Release|Any CPU.ActiveCfg = Release|Any CPU
		{D5140887-91C2-44D4-9E30-FC3D65881B87}.Release|Any CPU.Build.0 = Release|Any CPU
		{06D8067F-B42D-4AA8-A0C4-61F113FB072E}.Debug|Any CPU.ActiveCfg = Debug|Any CPU
		{06D8067F-B42D-4AA8-A0C4-61F113FB072E}.Debug|Any CPU.Build.0 = Debug|Any CPU
		{06D8067F-B42D-4AA8-A0C4-61F113FB072E}.Release|Any CPU.ActiveCfg = Release|Any CPU
		{06D8067F-B42D-4AA8-A0C4-61F113FB072E}.Release|Any CPU.Build.0 = Release|Any CPU
		{1E7275B4-30CF-4DD2-81AB-906BC9759952}.Debug|Any CPU.ActiveCfg = Debug|Any CPU
		{1E7275B4-30CF-4DD2-81AB-906BC9759952}.Debug|Any CPU.Build.0 = Debug|Any CPU
		{1E7275B4-30CF-4DD2-81AB-906BC9759952}.Release|Any CPU.ActiveCfg = Release|Any CPU
		{1E7275B4-30CF-4DD2-81AB-906BC9759952}.Release|Any CPU.Build.0 = Release|Any CPU
		{881913C1-3CE4-4D2A-9EF3-3D24EAFD080A}.Debug|Any CPU.ActiveCfg = Debug|Any CPU
		{881913C1-3CE4-4D2A-9EF3-3D24EAFD080A}.Debug|Any CPU.Build.0 = Debug|Any CPU
		{881913C1-3CE4-4D2A-9EF3-3D24EAFD080A}.Release|Any CPU.ActiveCfg = Release|Any CPU
		{881913C1-3CE4-4D2A-9EF3-3D24EAFD080A}.Release|Any CPU.Build.0 = Release|Any CPU
		{D4A9C1EA-91C6-4DD4-80E3-70A63DADB135}.Debug|Any CPU.ActiveCfg = Debug|Any CPU
		{D4A9C1EA-91C6-4DD4-80E3-70A63DADB135}.Debug|Any CPU.Build.0 = Debug|Any CPU
		{D4A9C1EA-91C6-4DD4-80E3-70A63DADB135}.Release|Any CPU.ActiveCfg = Release|Any CPU
		{D4A9C1EA-91C6-4DD4-80E3-70A63DADB135}.Release|Any CPU.Build.0 = Release|Any CPU
		{2940220B-D9A9-4A9C-8D2E-A9743206BEB1}.Debug|Any CPU.ActiveCfg = Debug|Any CPU
		{2940220B-D9A9-4A9C-8D2E-A9743206BEB1}.Debug|Any CPU.Build.0 = Debug|Any CPU
		{2940220B-D9A9-4A9C-8D2E-A9743206BEB1}.Release|Any CPU.ActiveCfg = Release|Any CPU
		{2940220B-D9A9-4A9C-8D2E-A9743206BEB1}.Release|Any CPU.Build.0 = Release|Any CPU
		{FBE7912F-C68E-4EF1-BF6E-C9FF44FCB5A1}.Debug|Any CPU.ActiveCfg = Debug|Any CPU
		{FBE7912F-C68E-4EF1-BF6E-C9FF44FCB5A1}.Debug|Any CPU.Build.0 = Debug|Any CPU
		{FBE7912F-C68E-4EF1-BF6E-C9FF44FCB5A1}.Release|Any CPU.ActiveCfg = Release|Any CPU
		{FBE7912F-C68E-4EF1-BF6E-C9FF44FCB5A1}.Release|Any CPU.Build.0 = Release|Any CPU
		{285D7AFE-2D00-4428-BB8E-E8FA6BA745DE}.Debug|Any CPU.ActiveCfg = Debug|Any CPU
		{285D7AFE-2D00-4428-BB8E-E8FA6BA745DE}.Debug|Any CPU.Build.0 = Debug|Any CPU
		{285D7AFE-2D00-4428-BB8E-E8FA6BA745DE}.Release|Any CPU.ActiveCfg = Release|Any CPU
		{285D7AFE-2D00-4428-BB8E-E8FA6BA745DE}.Release|Any CPU.Build.0 = Release|Any CPU
		{8E88977F-4EA7-489C-A8A3-FA70E5E3A05D}.Debug|Any CPU.ActiveCfg = Debug|Any CPU
		{8E88977F-4EA7-489C-A8A3-FA70E5E3A05D}.Debug|Any CPU.Build.0 = Debug|Any CPU
		{8E88977F-4EA7-489C-A8A3-FA70E5E3A05D}.Release|Any CPU.ActiveCfg = Release|Any CPU
		{8E88977F-4EA7-489C-A8A3-FA70E5E3A05D}.Release|Any CPU.Build.0 = Release|Any CPU
		{98C01FB3-7594-4A5F-AB94-CC01A260B1CA}.Debug|Any CPU.ActiveCfg = Debug|Any CPU
		{98C01FB3-7594-4A5F-AB94-CC01A260B1CA}.Debug|Any CPU.Build.0 = Debug|Any CPU
		{98C01FB3-7594-4A5F-AB94-CC01A260B1CA}.Release|Any CPU.ActiveCfg = Release|Any CPU
		{98C01FB3-7594-4A5F-AB94-CC01A260B1CA}.Release|Any CPU.Build.0 = Release|Any CPU
		{1A1A55A2-9EEC-4E17-B723-60E2EA3F9976}.Debug|Any CPU.ActiveCfg = Debug|Any CPU
		{1A1A55A2-9EEC-4E17-B723-60E2EA3F9976}.Debug|Any CPU.Build.0 = Debug|Any CPU
		{1A1A55A2-9EEC-4E17-B723-60E2EA3F9976}.Release|Any CPU.ActiveCfg = Release|Any CPU
		{1A1A55A2-9EEC-4E17-B723-60E2EA3F9976}.Release|Any CPU.Build.0 = Release|Any CPU
		{44A55B2E-5D56-4D0C-B641-9D286EBBA817}.Debug|Any CPU.ActiveCfg = Debug|Any CPU
		{44A55B2E-5D56-4D0C-B641-9D286EBBA817}.Debug|Any CPU.Build.0 = Debug|Any CPU
		{44A55B2E-5D56-4D0C-B641-9D286EBBA817}.Release|Any CPU.ActiveCfg = Release|Any CPU
		{44A55B2E-5D56-4D0C-B641-9D286EBBA817}.Release|Any CPU.Build.0 = Release|Any CPU
		{EF676C46-9405-4233-9837-5E7F63943B21}.Debug|Any CPU.ActiveCfg = Debug|Any CPU
		{EF676C46-9405-4233-9837-5E7F63943B21}.Debug|Any CPU.Build.0 = Debug|Any CPU
		{EF676C46-9405-4233-9837-5E7F63943B21}.Release|Any CPU.ActiveCfg = Release|Any CPU
		{EF676C46-9405-4233-9837-5E7F63943B21}.Release|Any CPU.Build.0 = Release|Any CPU
		{268662DC-9344-4369-8599-DF01D2BE057E}.Debug|Any CPU.ActiveCfg = Debug|Any CPU
		{268662DC-9344-4369-8599-DF01D2BE057E}.Debug|Any CPU.Build.0 = Debug|Any CPU
		{268662DC-9344-4369-8599-DF01D2BE057E}.Release|Any CPU.ActiveCfg = Release|Any CPU
		{268662DC-9344-4369-8599-DF01D2BE057E}.Release|Any CPU.Build.0 = Release|Any CPU
		{F3C0EF89-DF01-407C-A17B-395B7C930A15}.Debug|Any CPU.ActiveCfg = Debug|Any CPU
		{F3C0EF89-DF01-407C-A17B-395B7C930A15}.Debug|Any CPU.Build.0 = Debug|Any CPU
		{F3C0EF89-DF01-407C-A17B-395B7C930A15}.Release|Any CPU.ActiveCfg = Release|Any CPU
		{F3C0EF89-DF01-407C-A17B-395B7C930A15}.Release|Any CPU.Build.0 = Release|Any CPU
		{C9B904F9-2AD7-4EE9-9137-13764D53C40D}.Debug|Any CPU.ActiveCfg = Debug|Any CPU
		{C9B904F9-2AD7-4EE9-9137-13764D53C40D}.Debug|Any CPU.Build.0 = Debug|Any CPU
		{C9B904F9-2AD7-4EE9-9137-13764D53C40D}.Release|Any CPU.ActiveCfg = Release|Any CPU
		{C9B904F9-2AD7-4EE9-9137-13764D53C40D}.Release|Any CPU.Build.0 = Release|Any CPU
		{B0817E32-231A-4ADC-962A-E75DD115F8CC}.Debug|Any CPU.ActiveCfg = Debug|Any CPU
		{B0817E32-231A-4ADC-962A-E75DD115F8CC}.Debug|Any CPU.Build.0 = Debug|Any CPU
		{B0817E32-231A-4ADC-962A-E75DD115F8CC}.Release|Any CPU.ActiveCfg = Release|Any CPU
		{B0817E32-231A-4ADC-962A-E75DD115F8CC}.Release|Any CPU.Build.0 = Release|Any CPU
		{9CC64685-F892-4E9D-9E84-CE641DF102D3}.Debug|Any CPU.ActiveCfg = Debug|Any CPU
		{9CC64685-F892-4E9D-9E84-CE641DF102D3}.Debug|Any CPU.Build.0 = Debug|Any CPU
		{9CC64685-F892-4E9D-9E84-CE641DF102D3}.Release|Any CPU.ActiveCfg = Release|Any CPU
		{9CC64685-F892-4E9D-9E84-CE641DF102D3}.Release|Any CPU.Build.0 = Release|Any CPU
		{F3AE1EEB-4817-49F1-ADC4-8C1754F34C41}.Debug|Any CPU.ActiveCfg = Debug|Any CPU
		{F3AE1EEB-4817-49F1-ADC4-8C1754F34C41}.Debug|Any CPU.Build.0 = Debug|Any CPU
		{F3AE1EEB-4817-49F1-ADC4-8C1754F34C41}.Release|Any CPU.ActiveCfg = Release|Any CPU
		{F3AE1EEB-4817-49F1-ADC4-8C1754F34C41}.Release|Any CPU.Build.0 = Release|Any CPU
		{5DED760F-EB37-4F73-9E82-A7DA616753A5}.Debug|Any CPU.ActiveCfg = Debug|Any CPU
		{5DED760F-EB37-4F73-9E82-A7DA616753A5}.Debug|Any CPU.Build.0 = Debug|Any CPU
		{5DED760F-EB37-4F73-9E82-A7DA616753A5}.Release|Any CPU.ActiveCfg = Release|Any CPU
		{5DED760F-EB37-4F73-9E82-A7DA616753A5}.Release|Any CPU.Build.0 = Release|Any CPU
		{01CE73C1-E75E-49F2-B329-43943FFFFB98}.Debug|Any CPU.ActiveCfg = Debug|Any CPU
		{01CE73C1-E75E-49F2-B329-43943FFFFB98}.Debug|Any CPU.Build.0 = Debug|Any CPU
		{01CE73C1-E75E-49F2-B329-43943FFFFB98}.Release|Any CPU.ActiveCfg = Release|Any CPU
		{01CE73C1-E75E-49F2-B329-43943FFFFB98}.Release|Any CPU.Build.0 = Release|Any CPU
		{BE1649CE-BC31-4A07-A7A5-FD69F55E2CE0}.Debug|Any CPU.ActiveCfg = Debug|Any CPU
		{BE1649CE-BC31-4A07-A7A5-FD69F55E2CE0}.Debug|Any CPU.Build.0 = Debug|Any CPU
		{BE1649CE-BC31-4A07-A7A5-FD69F55E2CE0}.Release|Any CPU.ActiveCfg = Release|Any CPU
		{BE1649CE-BC31-4A07-A7A5-FD69F55E2CE0}.Release|Any CPU.Build.0 = Release|Any CPU
		{5EEC595F-FE15-4569-92E7-A917A42BF6E1}.Debug|Any CPU.ActiveCfg = Debug|Any CPU
		{5EEC595F-FE15-4569-92E7-A917A42BF6E1}.Debug|Any CPU.Build.0 = Debug|Any CPU
		{5EEC595F-FE15-4569-92E7-A917A42BF6E1}.Release|Any CPU.ActiveCfg = Release|Any CPU
		{5EEC595F-FE15-4569-92E7-A917A42BF6E1}.Release|Any CPU.Build.0 = Release|Any CPU
		{1ACE3A23-1CC9-4F47-B59F-4C5C8424DE8D}.Debug|Any CPU.ActiveCfg = Debug|Any CPU
		{1ACE3A23-1CC9-4F47-B59F-4C5C8424DE8D}.Debug|Any CPU.Build.0 = Debug|Any CPU
		{1ACE3A23-1CC9-4F47-B59F-4C5C8424DE8D}.Release|Any CPU.ActiveCfg = Release|Any CPU
		{1ACE3A23-1CC9-4F47-B59F-4C5C8424DE8D}.Release|Any CPU.Build.0 = Release|Any CPU
		{C8C351CB-9980-45D1-AB81-9E3236E0AECD}.Debug|Any CPU.ActiveCfg = Debug|Any CPU
		{C8C351CB-9980-45D1-AB81-9E3236E0AECD}.Debug|Any CPU.Build.0 = Debug|Any CPU
		{C8C351CB-9980-45D1-AB81-9E3236E0AECD}.Release|Any CPU.ActiveCfg = Release|Any CPU
		{C8C351CB-9980-45D1-AB81-9E3236E0AECD}.Release|Any CPU.Build.0 = Release|Any CPU
		{4C1BEE9D-2001-4754-AEA1-8E18890743C7}.Debug|Any CPU.ActiveCfg = Debug|Any CPU
		{4C1BEE9D-2001-4754-AEA1-8E18890743C7}.Debug|Any CPU.Build.0 = Debug|Any CPU
		{4C1BEE9D-2001-4754-AEA1-8E18890743C7}.Release|Any CPU.ActiveCfg = Release|Any CPU
		{4C1BEE9D-2001-4754-AEA1-8E18890743C7}.Release|Any CPU.Build.0 = Release|Any CPU
		{ED103749-E147-451D-B148-74E106BDC669}.Debug|Any CPU.ActiveCfg = Debug|Any CPU
		{ED103749-E147-451D-B148-74E106BDC669}.Debug|Any CPU.Build.0 = Debug|Any CPU
		{ED103749-E147-451D-B148-74E106BDC669}.Release|Any CPU.ActiveCfg = Release|Any CPU
		{ED103749-E147-451D-B148-74E106BDC669}.Release|Any CPU.Build.0 = Release|Any CPU
		{4C2250EF-B6F6-4BCE-B4F3-F170DA959BF0}.Debug|Any CPU.ActiveCfg = Debug|Any CPU
		{4C2250EF-B6F6-4BCE-B4F3-F170DA959BF0}.Debug|Any CPU.Build.0 = Debug|Any CPU
		{4C2250EF-B6F6-4BCE-B4F3-F170DA959BF0}.Release|Any CPU.ActiveCfg = Release|Any CPU
		{4C2250EF-B6F6-4BCE-B4F3-F170DA959BF0}.Release|Any CPU.Build.0 = Release|Any CPU
		{95D1B820-ED3D-48A8-BF88-2CF4BA0116AB}.Debug|Any CPU.ActiveCfg = Debug|Any CPU
		{95D1B820-ED3D-48A8-BF88-2CF4BA0116AB}.Debug|Any CPU.Build.0 = Debug|Any CPU
		{95D1B820-ED3D-48A8-BF88-2CF4BA0116AB}.Release|Any CPU.ActiveCfg = Release|Any CPU
		{95D1B820-ED3D-48A8-BF88-2CF4BA0116AB}.Release|Any CPU.Build.0 = Release|Any CPU
		{05511322-103C-4BA5-BC59-3CC4590E9F05}.Debug|Any CPU.ActiveCfg = Debug|Any CPU
		{05511322-103C-4BA5-BC59-3CC4590E9F05}.Debug|Any CPU.Build.0 = Debug|Any CPU
		{05511322-103C-4BA5-BC59-3CC4590E9F05}.Release|Any CPU.ActiveCfg = Release|Any CPU
		{05511322-103C-4BA5-BC59-3CC4590E9F05}.Release|Any CPU.Build.0 = Release|Any CPU
		{40B11CF8-734C-48B1-A69C-B4A733F1E840}.Debug|Any CPU.ActiveCfg = Debug|Any CPU
		{40B11CF8-734C-48B1-A69C-B4A733F1E840}.Debug|Any CPU.Build.0 = Debug|Any CPU
		{40B11CF8-734C-48B1-A69C-B4A733F1E840}.Release|Any CPU.ActiveCfg = Release|Any CPU
		{40B11CF8-734C-48B1-A69C-B4A733F1E840}.Release|Any CPU.Build.0 = Release|Any CPU
		{FA6E9FB7-2E33-4EAB-B62E-FEB4D2FB19A0}.Debug|Any CPU.ActiveCfg = Debug|Any CPU
		{FA6E9FB7-2E33-4EAB-B62E-FEB4D2FB19A0}.Debug|Any CPU.Build.0 = Debug|Any CPU
		{FA6E9FB7-2E33-4EAB-B62E-FEB4D2FB19A0}.Release|Any CPU.ActiveCfg = Release|Any CPU
		{FA6E9FB7-2E33-4EAB-B62E-FEB4D2FB19A0}.Release|Any CPU.Build.0 = Release|Any CPU
		{3F38D447-C492-414E-815E-B792377E3583}.Debug|Any CPU.ActiveCfg = Debug|Any CPU
		{3F38D447-C492-414E-815E-B792377E3583}.Debug|Any CPU.Build.0 = Debug|Any CPU
		{3F38D447-C492-414E-815E-B792377E3583}.Release|Any CPU.ActiveCfg = Release|Any CPU
		{3F38D447-C492-414E-815E-B792377E3583}.Release|Any CPU.Build.0 = Release|Any CPU
		{8FA0ADF6-67AB-4D19-90B2-E0D6061A1CCB}.Debug|Any CPU.ActiveCfg = Debug|Any CPU
		{8FA0ADF6-67AB-4D19-90B2-E0D6061A1CCB}.Debug|Any CPU.Build.0 = Debug|Any CPU
		{8FA0ADF6-67AB-4D19-90B2-E0D6061A1CCB}.Release|Any CPU.ActiveCfg = Release|Any CPU
		{8FA0ADF6-67AB-4D19-90B2-E0D6061A1CCB}.Release|Any CPU.Build.0 = Release|Any CPU
		{69177945-4CB3-41CE-B746-BB0FFC54C3D7}.Debug|Any CPU.ActiveCfg = Debug|Any CPU
		{69177945-4CB3-41CE-B746-BB0FFC54C3D7}.Debug|Any CPU.Build.0 = Debug|Any CPU
		{69177945-4CB3-41CE-B746-BB0FFC54C3D7}.Release|Any CPU.ActiveCfg = Release|Any CPU
		{69177945-4CB3-41CE-B746-BB0FFC54C3D7}.Release|Any CPU.Build.0 = Release|Any CPU
		{278B5522-134A-4ADF-B2FA-60D804D93AA3}.Debug|Any CPU.ActiveCfg = Debug|Any CPU
		{278B5522-134A-4ADF-B2FA-60D804D93AA3}.Debug|Any CPU.Build.0 = Debug|Any CPU
		{278B5522-134A-4ADF-B2FA-60D804D93AA3}.Release|Any CPU.ActiveCfg = Release|Any CPU
		{278B5522-134A-4ADF-B2FA-60D804D93AA3}.Release|Any CPU.Build.0 = Release|Any CPU
		{C08DCD7F-3765-4002-A091-E1867279FB98}.Debug|Any CPU.ActiveCfg = Debug|Any CPU
		{C08DCD7F-3765-4002-A091-E1867279FB98}.Debug|Any CPU.Build.0 = Debug|Any CPU
		{C08DCD7F-3765-4002-A091-E1867279FB98}.Release|Any CPU.ActiveCfg = Release|Any CPU
		{C08DCD7F-3765-4002-A091-E1867279FB98}.Release|Any CPU.Build.0 = Release|Any CPU
		{B7AEA507-5AA6-4EA4-9B7B-C449A5F6B854}.Debug|Any CPU.ActiveCfg = Debug|Any CPU
		{B7AEA507-5AA6-4EA4-9B7B-C449A5F6B854}.Debug|Any CPU.Build.0 = Debug|Any CPU
		{B7AEA507-5AA6-4EA4-9B7B-C449A5F6B854}.Release|Any CPU.ActiveCfg = Release|Any CPU
		{B7AEA507-5AA6-4EA4-9B7B-C449A5F6B854}.Release|Any CPU.Build.0 = Release|Any CPU
		{328F5DB1-B53B-43BB-A0C1-060848DCCD3E}.Debug|Any CPU.ActiveCfg = Debug|Any CPU
		{328F5DB1-B53B-43BB-A0C1-060848DCCD3E}.Debug|Any CPU.Build.0 = Debug|Any CPU
		{328F5DB1-B53B-43BB-A0C1-060848DCCD3E}.Release|Any CPU.ActiveCfg = Release|Any CPU
		{328F5DB1-B53B-43BB-A0C1-060848DCCD3E}.Release|Any CPU.Build.0 = Release|Any CPU
		{9D67BAF8-94E3-48FD-8995-879CC8091312}.Debug|Any CPU.ActiveCfg = Debug|Any CPU
		{9D67BAF8-94E3-48FD-8995-879CC8091312}.Debug|Any CPU.Build.0 = Debug|Any CPU
		{9D67BAF8-94E3-48FD-8995-879CC8091312}.Release|Any CPU.ActiveCfg = Release|Any CPU
		{9D67BAF8-94E3-48FD-8995-879CC8091312}.Release|Any CPU.Build.0 = Release|Any CPU
		{29C0BDC8-33F8-4CB4-B361-9349060FFAFC}.Debug|Any CPU.ActiveCfg = Debug|Any CPU
		{29C0BDC8-33F8-4CB4-B361-9349060FFAFC}.Debug|Any CPU.Build.0 = Debug|Any CPU
		{29C0BDC8-33F8-4CB4-B361-9349060FFAFC}.Release|Any CPU.ActiveCfg = Release|Any CPU
		{29C0BDC8-33F8-4CB4-B361-9349060FFAFC}.Release|Any CPU.Build.0 = Release|Any CPU
		{0C4B1134-5F88-4C51-825E-301A5A9B3793}.Debug|Any CPU.ActiveCfg = Debug|Any CPU
		{0C4B1134-5F88-4C51-825E-301A5A9B3793}.Debug|Any CPU.Build.0 = Debug|Any CPU
		{0C4B1134-5F88-4C51-825E-301A5A9B3793}.Release|Any CPU.ActiveCfg = Release|Any CPU
		{0C4B1134-5F88-4C51-825E-301A5A9B3793}.Release|Any CPU.Build.0 = Release|Any CPU
		{4B7E757D-AA05-4205-A8C4-5BAF51FA0435}.Debug|Any CPU.ActiveCfg = Debug|Any CPU
		{4B7E757D-AA05-4205-A8C4-5BAF51FA0435}.Debug|Any CPU.Build.0 = Debug|Any CPU
		{4B7E757D-AA05-4205-A8C4-5BAF51FA0435}.Release|Any CPU.ActiveCfg = Release|Any CPU
		{4B7E757D-AA05-4205-A8C4-5BAF51FA0435}.Release|Any CPU.Build.0 = Release|Any CPU
		{85C8CF44-A0C4-4794-8DCE-7A668FF65FED}.Debug|Any CPU.ActiveCfg = Debug|Any CPU
		{85C8CF44-A0C4-4794-8DCE-7A668FF65FED}.Debug|Any CPU.Build.0 = Debug|Any CPU
		{85C8CF44-A0C4-4794-8DCE-7A668FF65FED}.Release|Any CPU.ActiveCfg = Release|Any CPU
		{85C8CF44-A0C4-4794-8DCE-7A668FF65FED}.Release|Any CPU.Build.0 = Release|Any CPU
		{EB10BC9A-6C53-4D46-9061-AFB00F8C3030}.Debug|Any CPU.ActiveCfg = Debug|Any CPU
		{EB10BC9A-6C53-4D46-9061-AFB00F8C3030}.Debug|Any CPU.Build.0 = Debug|Any CPU
		{EB10BC9A-6C53-4D46-9061-AFB00F8C3030}.Release|Any CPU.ActiveCfg = Release|Any CPU
		{EB10BC9A-6C53-4D46-9061-AFB00F8C3030}.Release|Any CPU.Build.0 = Release|Any CPU
		{5CE426BF-C7AD-47EE-98EE-78857B37A403}.Debug|Any CPU.ActiveCfg = Debug|Any CPU
		{5CE426BF-C7AD-47EE-98EE-78857B37A403}.Debug|Any CPU.Build.0 = Debug|Any CPU
		{5CE426BF-C7AD-47EE-98EE-78857B37A403}.Release|Any CPU.ActiveCfg = Release|Any CPU
		{5CE426BF-C7AD-47EE-98EE-78857B37A403}.Release|Any CPU.Build.0 = Release|Any CPU
		{BAF2EF28-C7EE-49F6-A73B-24C4B0ED1F48}.Debug|Any CPU.ActiveCfg = Debug|Any CPU
		{BAF2EF28-C7EE-49F6-A73B-24C4B0ED1F48}.Debug|Any CPU.Build.0 = Debug|Any CPU
		{BAF2EF28-C7EE-49F6-A73B-24C4B0ED1F48}.Release|Any CPU.ActiveCfg = Release|Any CPU
		{BAF2EF28-C7EE-49F6-A73B-24C4B0ED1F48}.Release|Any CPU.Build.0 = Release|Any CPU
		{92892A3A-D90E-4786-9AF1-B8EEFB04F298}.Debug|Any CPU.ActiveCfg = Debug|Any CPU
		{92892A3A-D90E-4786-9AF1-B8EEFB04F298}.Debug|Any CPU.Build.0 = Debug|Any CPU
		{92892A3A-D90E-4786-9AF1-B8EEFB04F298}.Release|Any CPU.ActiveCfg = Release|Any CPU
		{92892A3A-D90E-4786-9AF1-B8EEFB04F298}.Release|Any CPU.Build.0 = Release|Any CPU
		{2341A22A-EF82-43D2-A919-7ED08A33FFCA}.Debug|Any CPU.ActiveCfg = Debug|Any CPU
		{2341A22A-EF82-43D2-A919-7ED08A33FFCA}.Debug|Any CPU.Build.0 = Debug|Any CPU
		{2341A22A-EF82-43D2-A919-7ED08A33FFCA}.Release|Any CPU.ActiveCfg = Release|Any CPU
		{2341A22A-EF82-43D2-A919-7ED08A33FFCA}.Release|Any CPU.Build.0 = Release|Any CPU
		{C7823904-B666-4BAA-9CBC-E4A09D104B90}.Debug|Any CPU.ActiveCfg = Debug|Any CPU
		{C7823904-B666-4BAA-9CBC-E4A09D104B90}.Debug|Any CPU.Build.0 = Debug|Any CPU
		{C7823904-B666-4BAA-9CBC-E4A09D104B90}.Release|Any CPU.ActiveCfg = Release|Any CPU
		{C7823904-B666-4BAA-9CBC-E4A09D104B90}.Release|Any CPU.Build.0 = Release|Any CPU
		{C8C1472C-A0CB-4204-8276-26793C9389CE}.Debug|Any CPU.ActiveCfg = Debug|Any CPU
		{C8C1472C-A0CB-4204-8276-26793C9389CE}.Debug|Any CPU.Build.0 = Debug|Any CPU
		{C8C1472C-A0CB-4204-8276-26793C9389CE}.Release|Any CPU.ActiveCfg = Release|Any CPU
		{C8C1472C-A0CB-4204-8276-26793C9389CE}.Release|Any CPU.Build.0 = Release|Any CPU
		{3D96F4D2-5E99-4ADB-B5BA-2DC4880F4F23}.Debug|Any CPU.ActiveCfg = Debug|Any CPU
		{3D96F4D2-5E99-4ADB-B5BA-2DC4880F4F23}.Debug|Any CPU.Build.0 = Debug|Any CPU
		{3D96F4D2-5E99-4ADB-B5BA-2DC4880F4F23}.Release|Any CPU.ActiveCfg = Release|Any CPU
		{3D96F4D2-5E99-4ADB-B5BA-2DC4880F4F23}.Release|Any CPU.Build.0 = Release|Any CPU
	EndGlobalSection
	GlobalSection(SolutionProperties) = preSolution
		HideSolutionNode = FALSE
	EndGlobalSection
	GlobalSection(ExtensibilityGlobals) = postSolution
		SolutionGuid = {9BCBAF23-4904-430D-B33C-138455EC6C84}
	EndGlobalSection
EndGlobal
