
Microsoft Visual Studio Solution File, Format Version 12.00
# Visual Studio Version 16
VisualStudioVersion = 16.0.30804.86
MinimumVisualStudioVersion = 10.0.40219.1
Project("{FAE04EC0-301F-11D3-BF4B-00C04F79EFBC}") = "ExamRetake", "ExamRetake\ExamRetake.csproj", "{CD3F20EB-C077-419B-A48E-F03F20C83AF8}"
EndProject
Project("{FAE04EC0-301F-11D3-BF4B-00C04F79EFBC}") = "ExamRetake2", "ExamRetake2\ExamRetake2.csproj", "{938E940E-9A03-44D4-8C6F-2C79A43A80F8}"
EndProject
Project("{FAE04EC0-301F-11D3-BF4B-00C04F79EFBC}") = "ExamRetake3", "ExamRetake3\ExamRetake3.csproj", "{1A7B40A0-AF44-4D71-805E-4A15A8965EB6}"
EndProject
Global
	GlobalSection(SolutionConfigurationPlatforms) = preSolution
		Debug|Any CPU = Debug|Any CPU
		Release|Any CPU = Release|Any CPU
	EndGlobalSection
	GlobalSection(ProjectConfigurationPlatforms) = postSolution
		{CD3F20EB-C077-419B-A48E-F03F20C83AF8}.Debug|Any CPU.ActiveCfg = Debug|Any CPU
		{CD3F20EB-C077-419B-A48E-F03F20C83AF8}.Debug|Any CPU.Build.0 = Debug|Any CPU
		{CD3F20EB-C077-419B-A48E-F03F20C83AF8}.Release|Any CPU.ActiveCfg = Release|Any CPU
		{CD3F20EB-C077-419B-A48E-F03F20C83AF8}.Release|Any CPU.Build.0 = Release|Any CPU
		{938E940E-9A03-44D4-8C6F-2C79A43A80F8}.Debug|Any CPU.ActiveCfg = Debug|Any CPU
		{938E940E-9A03-44D4-8C6F-2C79A43A80F8}.Debug|Any CPU.Build.0 = Debug|Any CPU
		{938E940E-9A03-44D4-8C6F-2C79A43A80F8}.Release|Any CPU.ActiveCfg = Release|Any CPU
		{938E940E-9A03-44D4-8C6F-2C79A43A80F8}.Release|Any CPU.Build.0 = Release|Any CPU
		{1A7B40A0-AF44-4D71-805E-4A15A8965EB6}.Debug|Any CPU.ActiveCfg = Debug|Any CPU
		{1A7B40A0-AF44-4D71-805E-4A15A8965EB6}.Debug|Any CPU.Build.0 = Debug|Any CPU
		{1A7B40A0-AF44-4D71-805E-4A15A8965EB6}.Release|Any CPU.ActiveCfg = Release|Any CPU
		{1A7B40A0-AF44-4D71-805E-4A15A8965EB6}.Release|Any CPU.Build.0 = Release|Any CPU
	EndGlobalSection
	GlobalSection(SolutionProperties) = preSolution
		HideSolutionNode = FALSE
	EndGlobalSection
	GlobalSection(ExtensibilityGlobals) = postSolution
		SolutionGuid = {52EC044A-630B-4174-8741-E4E95074D787}
	EndGlobalSection
EndGlobal
