
Microsoft Visual Studio Solution File, Format Version 12.00
# Visual Studio Version 16
VisualStudioVersion = 16.0.30804.86
MinimumVisualStudioVersion = 10.0.40219.1
Project("{FAE04EC0-301F-11D3-BF4B-00C04F79EFBC}") = "NationalCourt", "ExamTry1\NationalCourt.csproj", "{F17A7835-862A-4CB2-96D7-4C211A45ABC0}"
EndProject
Project("{FAE04EC0-301F-11D3-BF4B-00C04F79EFBC}") = "ShoppingList", "ShoppingList\ShoppingList.csproj", "{3D948121-7F49-4B23-A0A5-8282BC24F8A5}"
EndProject
Project("{FAE04EC0-301F-11D3-BF4B-00C04F79EFBC}") = "HeartDelivery", "HeartDelivery\HeartDelivery.csproj", "{CBA1EE93-8144-4686-94F3-F9891C9A71ED}"
EndProject
Global
	GlobalSection(SolutionConfigurationPlatforms) = preSolution
		Debug|Any CPU = Debug|Any CPU
		Release|Any CPU = Release|Any CPU
	EndGlobalSection
	GlobalSection(ProjectConfigurationPlatforms) = postSolution
		{F17A7835-862A-4CB2-96D7-4C211A45ABC0}.Debug|Any CPU.ActiveCfg = Debug|Any CPU
		{F17A7835-862A-4CB2-96D7-4C211A45ABC0}.Debug|Any CPU.Build.0 = Debug|Any CPU
		{F17A7835-862A-4CB2-96D7-4C211A45ABC0}.Release|Any CPU.ActiveCfg = Release|Any CPU
		{F17A7835-862A-4CB2-96D7-4C211A45ABC0}.Release|Any CPU.Build.0 = Release|Any CPU
		{3D948121-7F49-4B23-A0A5-8282BC24F8A5}.Debug|Any CPU.ActiveCfg = Debug|Any CPU
		{3D948121-7F49-4B23-A0A5-8282BC24F8A5}.Debug|Any CPU.Build.0 = Debug|Any CPU
		{3D948121-7F49-4B23-A0A5-8282BC24F8A5}.Release|Any CPU.ActiveCfg = Release|Any CPU
		{3D948121-7F49-4B23-A0A5-8282BC24F8A5}.Release|Any CPU.Build.0 = Release|Any CPU
		{CBA1EE93-8144-4686-94F3-F9891C9A71ED}.Debug|Any CPU.ActiveCfg = Debug|Any CPU
		{CBA1EE93-8144-4686-94F3-F9891C9A71ED}.Debug|Any CPU.Build.0 = Debug|Any CPU
		{CBA1EE93-8144-4686-94F3-F9891C9A71ED}.Release|Any CPU.ActiveCfg = Release|Any CPU
		{CBA1EE93-8144-4686-94F3-F9891C9A71ED}.Release|Any CPU.Build.0 = Release|Any CPU
	EndGlobalSection
	GlobalSection(SolutionProperties) = preSolution
		HideSolutionNode = FALSE
	EndGlobalSection
	GlobalSection(ExtensibilityGlobals) = postSolution
		SolutionGuid = {802E0499-8F06-4B6B-8C33-7ACCE3C932BE}
	EndGlobalSection
EndGlobal
